// !$*UTF8*$!
{
	archiveVersion = 1;
	classes = {
	};
	objectVersion = 46;
	objects = {

/* Begin PBXBuildFile section */
		8DC2EF530486A6940098B216 /* InfoPlist.strings in Resources */ = {isa = PBXBuildFile; fileRef = 089C1666FE841158C02AAC07 /* InfoPlist.strings */; };
		8DC2EF570486A6940098B216 /* Cocoa.framework in Frameworks */ = {isa = PBXBuildFile; fileRef = 1058C7B1FEA5585E11CA2CBB /* Cocoa.framework */; };
		A5E0B90F169DCD32009A8B54 /* SBJson.framework in Frameworks */ = {isa = PBXBuildFile; fileRef = A5E0B8C9169DC7FE009A8B54 /* SBJson.framework */; };
		A5E0B95F169DDB69009A8B54 /* Foundation.framework in Frameworks */ = {isa = PBXBuildFile; fileRef = A5E0B95E169DDB69009A8B54 /* Foundation.framework */; };
		A5E0B96C169DDC66009A8B54 /* YOSSession.m in Sources */ = {isa = PBXBuildFile; fileRef = F23BEA910F610A9E006A4FAA /* YOSSession.m */; };
		A5E0B96D169DDC6C009A8B54 /* YOSUser.m in Sources */ = {isa = PBXBuildFile; fileRef = F23BEA9A0F610A9E006A4FAA /* YOSUser.m */; };
		A5E0B96E169DDC6F009A8B54 /* YOSRequestClient.m in Sources */ = {isa = PBXBuildFile; fileRef = F23BEA8B0F610A9E006A4FAA /* YOSRequestClient.m */; };
		A5E0B96F169DDC72009A8B54 /* YOSResponseData.m in Sources */ = {isa = PBXBuildFile; fileRef = F23BEA8F0F610A9E006A4FAA /* YOSResponseData.m */; };
		A5E0B970169DDC74009A8B54 /* YOSAccessToken.m in Sources */ = {isa = PBXBuildFile; fileRef = F23BEA7D0F610A9E006A4FAA /* YOSAccessToken.m */; };
		A5E0B971169DDC77009A8B54 /* YOSRequestToken.m in Sources */ = {isa = PBXBuildFile; fileRef = F23BEA8D0F610A9E006A4FAA /* YOSRequestToken.m */; };
		A5E0B972169DDC7A009A8B54 /* YOSTokenStore.m in Sources */ = {isa = PBXBuildFile; fileRef = F23BEA960F610A9E006A4FAA /* YOSTokenStore.m */; };
		A5E0B973169DDC7D009A8B54 /* YOSBaseRequest.m in Sources */ = {isa = PBXBuildFile; fileRef = F23BEA810F610A9E006A4FAA /* YOSBaseRequest.m */; };
		A5E0B974169DDC80009A8B54 /* YOSAuthRequest.m in Sources */ = {isa = PBXBuildFile; fileRef = F23BEA7F0F610A9E006A4FAA /* YOSAuthRequest.m */; };
		A5E0B975169DDC83009A8B54 /* YOSUserRequest.m in Sources */ = {isa = PBXBuildFile; fileRef = F23C32BA0F70D3C700A2EE8E /* YOSUserRequest.m */; };
		A5E0B976169DDC86009A8B54 /* YOSOpenSocialRequest.m in Sources */ = {isa = PBXBuildFile; fileRef = F2E1AD4A10618617002D979B /* YOSOpenSocialRequest.m */; };
		A5E0B977169DDC89009A8B54 /* YQLQueryRequest.m in Sources */ = {isa = PBXBuildFile; fileRef = F23BEA890F610A9E006A4FAA /* YQLQueryRequest.m */; };
		A5E0B978169DDC8F009A8B54 /* Base64Transcoder.c in Sources */ = {isa = PBXBuildFile; fileRef = F23BEAC80F610AD0006A4FAA /* Base64Transcoder.c */; };
		A5E0B979169DDC96009A8B54 /* NSDictionary+QueryString.m in Sources */ = {isa = PBXBuildFile; fileRef = F2235FD40F72222200BDA003 /* NSDictionary+QueryString.m */; };
		A5E0B97A169DDC99009A8B54 /* NSString+URLEncoding.m in Sources */ = {isa = PBXBuildFile; fileRef = F23BEAF30F610AF3006A4FAA /* NSString+URLEncoding.m */; };
		A5E0B97B169DDC9D009A8B54 /* NSData+OAuthResponse.m in Sources */ = {isa = PBXBuildFile; fileRef = F2235FD00F7221EC00BDA003 /* NSData+OAuthResponse.m */; };
		A5E0B97C169DDCA8009A8B54 /* YOAuthConsumer.m in Sources */ = {isa = PBXBuildFile; fileRef = F23BEAD70F610ADB006A4FAA /* YOAuthConsumer.m */; };
		A5E0B97D169DDCAB009A8B54 /* YOAuthRequest.m in Sources */ = {isa = PBXBuildFile; fileRef = F23BEAD90F610ADB006A4FAA /* YOAuthRequest.m */; };
		A5E0B97E169DDCAF009A8B54 /* YOAuthSignatureMethod_HMAC-SHA1.m in Sources */ = {isa = PBXBuildFile; fileRef = F23BEADB0F610ADB006A4FAA /* YOAuthSignatureMethod_HMAC-SHA1.m */; };
		A5E0B97F169DDCB2009A8B54 /* YOAuthSignatureMethod_PLAINTEXT.m in Sources */ = {isa = PBXBuildFile; fileRef = F23BEADD0F610ADB006A4FAA /* YOAuthSignatureMethod_PLAINTEXT.m */; };
		A5E0B980169DDCB7009A8B54 /* YOAuthToken.m in Sources */ = {isa = PBXBuildFile; fileRef = F23BEAE00F610ADB006A4FAA /* YOAuthToken.m */; };
		A5E0B981169DDCBA009A8B54 /* YOAuthUtil.m in Sources */ = {isa = PBXBuildFile; fileRef = F23BEAE20F610ADB006A4FAA /* YOAuthUtil.m */; };
		A5E0B982169DDCD1009A8B54 /* libsbjson-ios.a in Frameworks */ = {isa = PBXBuildFile; fileRef = A5E0B8CD169DC7FE009A8B54 /* libsbjson-ios.a */; };
		A5E0B984169DDD83009A8B54 /* UIKit.framework in Frameworks */ = {isa = PBXBuildFile; fileRef = A5E0B983169DDD83009A8B54 /* UIKit.framework */; };
		F2235FD10F7221EC00BDA003 /* NSData+OAuthResponse.h in Headers */ = {isa = PBXBuildFile; fileRef = F2235FCF0F7221EC00BDA003 /* NSData+OAuthResponse.h */; settings = {ATTRIBUTES = (Public, ); }; };
		F2235FD20F7221EC00BDA003 /* NSData+OAuthResponse.m in Sources */ = {isa = PBXBuildFile; fileRef = F2235FD00F7221EC00BDA003 /* NSData+OAuthResponse.m */; };
		F2235FD50F72222200BDA003 /* NSDictionary+QueryString.h in Headers */ = {isa = PBXBuildFile; fileRef = F2235FD30F72222200BDA003 /* NSDictionary+QueryString.h */; settings = {ATTRIBUTES = (Public, ); }; };
		F2235FD60F72222200BDA003 /* NSDictionary+QueryString.m in Sources */ = {isa = PBXBuildFile; fileRef = F2235FD40F72222200BDA003 /* NSDictionary+QueryString.m */; };
		F23BEA9F0F610A9E006A4FAA /* YOSAccessToken.h in Headers */ = {isa = PBXBuildFile; fileRef = F23BEA7C0F610A9E006A4FAA /* YOSAccessToken.h */; settings = {ATTRIBUTES = (Public, ); }; };
		F23BEAA00F610A9E006A4FAA /* YOSAccessToken.m in Sources */ = {isa = PBXBuildFile; fileRef = F23BEA7D0F610A9E006A4FAA /* YOSAccessToken.m */; };
		F23BEAA10F610A9E006A4FAA /* YOSAuthRequest.h in Headers */ = {isa = PBXBuildFile; fileRef = F23BEA7E0F610A9E006A4FAA /* YOSAuthRequest.h */; settings = {ATTRIBUTES = (Public, ); }; };
		F23BEAA20F610A9E006A4FAA /* YOSAuthRequest.m in Sources */ = {isa = PBXBuildFile; fileRef = F23BEA7F0F610A9E006A4FAA /* YOSAuthRequest.m */; };
		F23BEAA30F610A9E006A4FAA /* YOSBaseRequest.h in Headers */ = {isa = PBXBuildFile; fileRef = F23BEA800F610A9E006A4FAA /* YOSBaseRequest.h */; settings = {ATTRIBUTES = (Public, ); }; };
		F23BEAA40F610A9E006A4FAA /* YOSBaseRequest.m in Sources */ = {isa = PBXBuildFile; fileRef = F23BEA810F610A9E006A4FAA /* YOSBaseRequest.m */; };
		F23BEAAB0F610A9E006A4FAA /* YQLQueryRequest.h in Headers */ = {isa = PBXBuildFile; fileRef = F23BEA880F610A9E006A4FAA /* YQLQueryRequest.h */; settings = {ATTRIBUTES = (Public, ); }; };
		F23BEAAC0F610A9E006A4FAA /* YQLQueryRequest.m in Sources */ = {isa = PBXBuildFile; fileRef = F23BEA890F610A9E006A4FAA /* YQLQueryRequest.m */; };
		F23BEAAD0F610A9E006A4FAA /* YOSRequestClient.h in Headers */ = {isa = PBXBuildFile; fileRef = F23BEA8A0F610A9E006A4FAA /* YOSRequestClient.h */; settings = {ATTRIBUTES = (Public, ); }; };
		F23BEAAE0F610A9E006A4FAA /* YOSRequestClient.m in Sources */ = {isa = PBXBuildFile; fileRef = F23BEA8B0F610A9E006A4FAA /* YOSRequestClient.m */; };
		F23BEAAF0F610A9E006A4FAA /* YOSRequestToken.h in Headers */ = {isa = PBXBuildFile; fileRef = F23BEA8C0F610A9E006A4FAA /* YOSRequestToken.h */; settings = {ATTRIBUTES = (Public, ); }; };
		F23BEAB00F610A9E006A4FAA /* YOSRequestToken.m in Sources */ = {isa = PBXBuildFile; fileRef = F23BEA8D0F610A9E006A4FAA /* YOSRequestToken.m */; };
		F23BEAB10F610A9E006A4FAA /* YOSResponseData.h in Headers */ = {isa = PBXBuildFile; fileRef = F23BEA8E0F610A9E006A4FAA /* YOSResponseData.h */; settings = {ATTRIBUTES = (Public, ); }; };
		F23BEAB20F610A9E006A4FAA /* YOSResponseData.m in Sources */ = {isa = PBXBuildFile; fileRef = F23BEA8F0F610A9E006A4FAA /* YOSResponseData.m */; };
		F23BEAB30F610A9E006A4FAA /* YOSSession.h in Headers */ = {isa = PBXBuildFile; fileRef = F23BEA900F610A9E006A4FAA /* YOSSession.h */; settings = {ATTRIBUTES = (Public, ); }; };
		F23BEAB40F610A9E006A4FAA /* YOSSession.m in Sources */ = {isa = PBXBuildFile; fileRef = F23BEA910F610A9E006A4FAA /* YOSSession.m */; };
		F23BEAB50F610A9E006A4FAA /* YOSSocial.h in Headers */ = {isa = PBXBuildFile; fileRef = F23BEA920F610A9E006A4FAA /* YOSSocial.h */; settings = {ATTRIBUTES = (Public, ); }; };
		F23BEAB80F610A9E006A4FAA /* YOSTokenStore.h in Headers */ = {isa = PBXBuildFile; fileRef = F23BEA950F610A9E006A4FAA /* YOSTokenStore.h */; settings = {ATTRIBUTES = (Public, ); }; };
		F23BEAB90F610A9E006A4FAA /* YOSTokenStore.m in Sources */ = {isa = PBXBuildFile; fileRef = F23BEA960F610A9E006A4FAA /* YOSTokenStore.m */; };
		F23BEABC0F610A9E006A4FAA /* YOSUser.h in Headers */ = {isa = PBXBuildFile; fileRef = F23BEA990F610A9E006A4FAA /* YOSUser.h */; settings = {ATTRIBUTES = (Public, ); }; };
		F23BEABD0F610A9E006A4FAA /* YOSUser.m in Sources */ = {isa = PBXBuildFile; fileRef = F23BEA9A0F610A9E006A4FAA /* YOSUser.m */; };
		F23BEACE0F610AD0006A4FAA /* Base64Transcoder.c in Sources */ = {isa = PBXBuildFile; fileRef = F23BEAC80F610AD0006A4FAA /* Base64Transcoder.c */; };
		F23BEACF0F610AD0006A4FAA /* Base64Transcoder.h in Headers */ = {isa = PBXBuildFile; fileRef = F23BEAC90F610AD0006A4FAA /* Base64Transcoder.h */; };
		F23BEAE30F610ADB006A4FAA /* YOAuth.h in Headers */ = {isa = PBXBuildFile; fileRef = F23BEAD50F610ADB006A4FAA /* YOAuth.h */; };
		F23BEAE40F610ADB006A4FAA /* YOAuthConsumer.h in Headers */ = {isa = PBXBuildFile; fileRef = F23BEAD60F610ADB006A4FAA /* YOAuthConsumer.h */; settings = {ATTRIBUTES = (Public, ); }; };
		F23BEAE50F610ADB006A4FAA /* YOAuthConsumer.m in Sources */ = {isa = PBXBuildFile; fileRef = F23BEAD70F610ADB006A4FAA /* YOAuthConsumer.m */; };
		F23BEAE60F610ADB006A4FAA /* YOAuthRequest.h in Headers */ = {isa = PBXBuildFile; fileRef = F23BEAD80F610ADB006A4FAA /* YOAuthRequest.h */; settings = {ATTRIBUTES = (Public, ); }; };
		F23BEAE70F610ADB006A4FAA /* YOAuthRequest.m in Sources */ = {isa = PBXBuildFile; fileRef = F23BEAD90F610ADB006A4FAA /* YOAuthRequest.m */; };
		F23BEAE80F610ADB006A4FAA /* YOAuthSignatureMethod_HMAC-SHA1.h in Headers */ = {isa = PBXBuildFile; fileRef = F23BEADA0F610ADB006A4FAA /* YOAuthSignatureMethod_HMAC-SHA1.h */; settings = {ATTRIBUTES = (Public, ); }; };
		F23BEAE90F610ADB006A4FAA /* YOAuthSignatureMethod_HMAC-SHA1.m in Sources */ = {isa = PBXBuildFile; fileRef = F23BEADB0F610ADB006A4FAA /* YOAuthSignatureMethod_HMAC-SHA1.m */; };
		F23BEAEA0F610ADB006A4FAA /* YOAuthSignatureMethod_PLAINTEXT.h in Headers */ = {isa = PBXBuildFile; fileRef = F23BEADC0F610ADB006A4FAA /* YOAuthSignatureMethod_PLAINTEXT.h */; settings = {ATTRIBUTES = (Public, ); }; };
		F23BEAEB0F610ADB006A4FAA /* YOAuthSignatureMethod_PLAINTEXT.m in Sources */ = {isa = PBXBuildFile; fileRef = F23BEADD0F610ADB006A4FAA /* YOAuthSignatureMethod_PLAINTEXT.m */; };
		F23BEAEC0F610ADB006A4FAA /* YOAuthSignatureMethod.h in Headers */ = {isa = PBXBuildFile; fileRef = F23BEADE0F610ADB006A4FAA /* YOAuthSignatureMethod.h */; settings = {ATTRIBUTES = (Public, ); }; };
		F23BEAED0F610ADB006A4FAA /* YOAuthToken.h in Headers */ = {isa = PBXBuildFile; fileRef = F23BEADF0F610ADB006A4FAA /* YOAuthToken.h */; settings = {ATTRIBUTES = (Public, ); }; };
		F23BEAEE0F610ADB006A4FAA /* YOAuthToken.m in Sources */ = {isa = PBXBuildFile; fileRef = F23BEAE00F610ADB006A4FAA /* YOAuthToken.m */; };
		F23BEAEF0F610ADB006A4FAA /* YOAuthUtil.h in Headers */ = {isa = PBXBuildFile; fileRef = F23BEAE10F610ADB006A4FAA /* YOAuthUtil.h */; settings = {ATTRIBUTES = (Public, ); }; };
		F23BEAF00F610ADB006A4FAA /* YOAuthUtil.m in Sources */ = {isa = PBXBuildFile; fileRef = F23BEAE20F610ADB006A4FAA /* YOAuthUtil.m */; };
		F23BEAF50F610AF3006A4FAA /* NSString+URLEncoding.m in Sources */ = {isa = PBXBuildFile; fileRef = F23BEAF30F610AF3006A4FAA /* NSString+URLEncoding.m */; };
		F23BEAF60F610AF3006A4FAA /* NSString+URLEncoding.h in Headers */ = {isa = PBXBuildFile; fileRef = F23BEAF40F610AF3006A4FAA /* NSString+URLEncoding.h */; settings = {ATTRIBUTES = (Public, ); }; };
		F23C32BB0F70D3C700A2EE8E /* YOSUserRequest.h in Headers */ = {isa = PBXBuildFile; fileRef = F23C32B90F70D3C700A2EE8E /* YOSUserRequest.h */; settings = {ATTRIBUTES = (Public, ); }; };
		F23C32BC0F70D3C700A2EE8E /* YOSUserRequest.m in Sources */ = {isa = PBXBuildFile; fileRef = F23C32BA0F70D3C700A2EE8E /* YOSUserRequest.m */; };
		F2E1AD4B10618617002D979B /* YOSOpenSocialRequest.h in Headers */ = {isa = PBXBuildFile; fileRef = F2E1AD4910618617002D979B /* YOSOpenSocialRequest.h */; settings = {ATTRIBUTES = (Public, ); }; };
		F2E1AD4C10618617002D979B /* YOSOpenSocialRequest.m in Sources */ = {isa = PBXBuildFile; fileRef = F2E1AD4A10618617002D979B /* YOSOpenSocialRequest.m */; };
/* End PBXBuildFile section */

/* Begin PBXContainerItemProxy section */
		A5E0B8C8169DC7FE009A8B54 /* PBXContainerItemProxy */ = {
			isa = PBXContainerItemProxy;
			containerPortal = A5E0B8BE169DC7FD009A8B54 /* SBJson.xcodeproj */;
			proxyType = 2;
			remoteGlobalIDString = BC12323D1391D5CC00131607;
			remoteInfo = SBJson;
		};
		A5E0B8CA169DC7FE009A8B54 /* PBXContainerItemProxy */ = {
			isa = PBXContainerItemProxy;
			containerPortal = A5E0B8BE169DC7FD009A8B54 /* SBJson.xcodeproj */;
			proxyType = 2;
			remoteGlobalIDString = BC1232521391D5CC00131607;
			remoteInfo = SBJsonTests;
		};
		A5E0B8CC169DC7FE009A8B54 /* PBXContainerItemProxy */ = {
			isa = PBXContainerItemProxy;
			containerPortal = A5E0B8BE169DC7FD009A8B54 /* SBJson.xcodeproj */;
			proxyType = 2;
			remoteGlobalIDString = BCC2626913920FC7003D9994;
			remoteInfo = "sbjson-ios";
		};
		A5E0B8CE169DC7FE009A8B54 /* PBXContainerItemProxy */ = {
			isa = PBXContainerItemProxy;
			containerPortal = A5E0B8BE169DC7FD009A8B54 /* SBJson.xcodeproj */;
			proxyType = 2;
			remoteGlobalIDString = BCC2627313920FC7003D9994;
			remoteInfo = "sbjson-iosTests";
		};
		A5E0B90D169DCD2E009A8B54 /* PBXContainerItemProxy */ = {
			isa = PBXContainerItemProxy;
			containerPortal = A5E0B8BE169DC7FD009A8B54 /* SBJson.xcodeproj */;
			proxyType = 1;
			remoteGlobalIDString = BC12323C1391D5CC00131607;
			remoteInfo = SBJson;
		};
		A5E0B96A169DDC2E009A8B54 /* PBXContainerItemProxy */ = {
			isa = PBXContainerItemProxy;
			containerPortal = A5E0B8BE169DC7FD009A8B54 /* SBJson.xcodeproj */;
			proxyType = 1;
			remoteGlobalIDString = BCC2626813920FC7003D9994;
			remoteInfo = "sbjson-ios";
		};
/* End PBXContainerItemProxy section */

/* Begin PBXCopyFilesBuildPhase section */
		A5E0B95A169DDB69009A8B54 /* CopyFiles */ = {
			isa = PBXCopyFilesBuildPhase;
			buildActionMask = 2147483647;
			dstPath = "include/${PRODUCT_NAME}";
			dstSubfolderSpec = 16;
			files = (
			);
			runOnlyForDeploymentPostprocessing = 0;
		};
/* End PBXCopyFilesBuildPhase section */

/* Begin PBXFileReference section */
		0867D69BFE84028FC02AAC07 /* Foundation.framework */ = {isa = PBXFileReference; lastKnownFileType = wrapper.framework; name = Foundation.framework; path = /System/Library/Frameworks/Foundation.framework; sourceTree = "<absolute>"; };
		0867D6A5FE840307C02AAC07 /* AppKit.framework */ = {isa = PBXFileReference; lastKnownFileType = wrapper.framework; name = AppKit.framework; path = /System/Library/Frameworks/AppKit.framework; sourceTree = "<absolute>"; };
		089C1667FE841158C02AAC07 /* English */ = {isa = PBXFileReference; fileEncoding = 10; lastKnownFileType = text.plist.strings; name = English; path = English.lproj/InfoPlist.strings; sourceTree = "<group>"; };
		1058C7B1FEA5585E11CA2CBB /* Cocoa.framework */ = {isa = PBXFileReference; lastKnownFileType = wrapper.framework; name = Cocoa.framework; path = /System/Library/Frameworks/Cocoa.framework; sourceTree = "<absolute>"; };
		32DBCF5E0370ADEE00C91783 /* YahooSocialSdk_Prefix.pch */ = {isa = PBXFileReference; fileEncoding = 4; lastKnownFileType = sourcecode.c.h; path = YahooSocialSdk_Prefix.pch; sourceTree = "<group>"; };
		8DC2EF5A0486A6940098B216 /* Info.plist */ = {isa = PBXFileReference; fileEncoding = 4; lastKnownFileType = text.plist.xml; path = Info.plist; sourceTree = "<group>"; };
		91ED4EC4132B326B00E158C4 /* YahooSocialSdk.framework */ = {isa = PBXFileReference; explicitFileType = wrapper.framework; includeInIndex = 0; path = YahooSocialSdk.framework; sourceTree = BUILT_PRODUCTS_DIR; };
		A5E0B8BE169DC7FD009A8B54 /* SBJson.xcodeproj */ = {isa = PBXFileReference; lastKnownFileType = "wrapper.pb-project"; name = SBJson.xcodeproj; path = "json-framework/SBJson.xcodeproj"; sourceTree = "<group>"; };
		A5E0B95C169DDB69009A8B54 /* libYahooSocialSskIOS.a */ = {isa = PBXFileReference; explicitFileType = archive.ar; includeInIndex = 0; path = libYahooSocialSskIOS.a; sourceTree = BUILT_PRODUCTS_DIR; };
		A5E0B95E169DDB69009A8B54 /* Foundation.framework */ = {isa = PBXFileReference; lastKnownFileType = wrapper.framework; name = Foundation.framework; path = System/Library/Frameworks/Foundation.framework; sourceTree = SDKROOT; };
		A5E0B962169DDB69009A8B54 /* YahooSocialSskIOS-Prefix.pch */ = {isa = PBXFileReference; lastKnownFileType = sourcecode.c.h; path = "YahooSocialSskIOS-Prefix.pch"; sourceTree = "<group>"; };
		A5E0B983169DDD83009A8B54 /* UIKit.framework */ = {isa = PBXFileReference; lastKnownFileType = wrapper.framework; name = UIKit.framework; path = Platforms/iPhoneOS.platform/Developer/SDKs/iPhoneOS6.0.sdk/System/Library/Frameworks/UIKit.framework; sourceTree = DEVELOPER_DIR; };
		D2F7E79907B2D74100F64583 /* CoreData.framework */ = {isa = PBXFileReference; lastKnownFileType = wrapper.framework; name = CoreData.framework; path = /System/Library/Frameworks/CoreData.framework; sourceTree = "<absolute>"; };
		F2235FCF0F7221EC00BDA003 /* NSData+OAuthResponse.h */ = {isa = PBXFileReference; fileEncoding = 4; lastKnownFileType = sourcecode.c.h; name = "NSData+OAuthResponse.h"; path = "Source/YOAuth/NSData+OAuthResponse.h"; sourceTree = "<group>"; };
		F2235FD00F7221EC00BDA003 /* NSData+OAuthResponse.m */ = {isa = PBXFileReference; fileEncoding = 4; lastKnownFileType = sourcecode.c.objc; name = "NSData+OAuthResponse.m"; path = "Source/YOAuth/NSData+OAuthResponse.m"; sourceTree = "<group>"; };
		F2235FD30F72222200BDA003 /* NSDictionary+QueryString.h */ = {isa = PBXFileReference; fileEncoding = 4; lastKnownFileType = sourcecode.c.h; name = "NSDictionary+QueryString.h"; path = "Source/YOAuth/NSDictionary+QueryString.h"; sourceTree = "<group>"; };
		F2235FD40F72222200BDA003 /* NSDictionary+QueryString.m */ = {isa = PBXFileReference; fileEncoding = 4; lastKnownFileType = sourcecode.c.objc; name = "NSDictionary+QueryString.m"; path = "Source/YOAuth/NSDictionary+QueryString.m"; sourceTree = "<group>"; };
		F23BEA7C0F610A9E006A4FAA /* YOSAccessToken.h */ = {isa = PBXFileReference; fileEncoding = 4; lastKnownFileType = sourcecode.c.h; name = YOSAccessToken.h; path = Source/YOSSocial/YOSAccessToken.h; sourceTree = "<group>"; };
		F23BEA7D0F610A9E006A4FAA /* YOSAccessToken.m */ = {isa = PBXFileReference; fileEncoding = 4; lastKnownFileType = sourcecode.c.objc; name = YOSAccessToken.m; path = Source/YOSSocial/YOSAccessToken.m; sourceTree = "<group>"; };
		F23BEA7E0F610A9E006A4FAA /* YOSAuthRequest.h */ = {isa = PBXFileReference; fileEncoding = 4; lastKnownFileType = sourcecode.c.h; name = YOSAuthRequest.h; path = Source/YOSSocial/YOSAuthRequest.h; sourceTree = "<group>"; };
		F23BEA7F0F610A9E006A4FAA /* YOSAuthRequest.m */ = {isa = PBXFileReference; fileEncoding = 4; lastKnownFileType = sourcecode.c.objc; name = YOSAuthRequest.m; path = Source/YOSSocial/YOSAuthRequest.m; sourceTree = "<group>"; };
		F23BEA800F610A9E006A4FAA /* YOSBaseRequest.h */ = {isa = PBXFileReference; fileEncoding = 4; lastKnownFileType = sourcecode.c.h; name = YOSBaseRequest.h; path = Source/YOSSocial/YOSBaseRequest.h; sourceTree = "<group>"; };
		F23BEA810F610A9E006A4FAA /* YOSBaseRequest.m */ = {isa = PBXFileReference; fileEncoding = 4; lastKnownFileType = sourcecode.c.objc; name = YOSBaseRequest.m; path = Source/YOSSocial/YOSBaseRequest.m; sourceTree = "<group>"; };
		F23BEA880F610A9E006A4FAA /* YQLQueryRequest.h */ = {isa = PBXFileReference; fileEncoding = 4; lastKnownFileType = sourcecode.c.h; name = YQLQueryRequest.h; path = Source/YOSSocial/YQLQueryRequest.h; sourceTree = "<group>"; };
		F23BEA890F610A9E006A4FAA /* YQLQueryRequest.m */ = {isa = PBXFileReference; fileEncoding = 4; lastKnownFileType = sourcecode.c.objc; name = YQLQueryRequest.m; path = Source/YOSSocial/YQLQueryRequest.m; sourceTree = "<group>"; };
		F23BEA8A0F610A9E006A4FAA /* YOSRequestClient.h */ = {isa = PBXFileReference; fileEncoding = 4; lastKnownFileType = sourcecode.c.h; name = YOSRequestClient.h; path = Source/YOSSocial/YOSRequestClient.h; sourceTree = "<group>"; };
		F23BEA8B0F610A9E006A4FAA /* YOSRequestClient.m */ = {isa = PBXFileReference; fileEncoding = 4; lastKnownFileType = sourcecode.c.objc; name = YOSRequestClient.m; path = Source/YOSSocial/YOSRequestClient.m; sourceTree = "<group>"; };
		F23BEA8C0F610A9E006A4FAA /* YOSRequestToken.h */ = {isa = PBXFileReference; fileEncoding = 4; lastKnownFileType = sourcecode.c.h; name = YOSRequestToken.h; path = Source/YOSSocial/YOSRequestToken.h; sourceTree = "<group>"; };
		F23BEA8D0F610A9E006A4FAA /* YOSRequestToken.m */ = {isa = PBXFileReference; fileEncoding = 4; lastKnownFileType = sourcecode.c.objc; name = YOSRequestToken.m; path = Source/YOSSocial/YOSRequestToken.m; sourceTree = "<group>"; };
		F23BEA8E0F610A9E006A4FAA /* YOSResponseData.h */ = {isa = PBXFileReference; fileEncoding = 4; lastKnownFileType = sourcecode.c.h; name = YOSResponseData.h; path = Source/YOSSocial/YOSResponseData.h; sourceTree = "<group>"; };
		F23BEA8F0F610A9E006A4FAA /* YOSResponseData.m */ = {isa = PBXFileReference; fileEncoding = 4; lastKnownFileType = sourcecode.c.objc; name = YOSResponseData.m; path = Source/YOSSocial/YOSResponseData.m; sourceTree = "<group>"; };
		F23BEA900F610A9E006A4FAA /* YOSSession.h */ = {isa = PBXFileReference; fileEncoding = 4; lastKnownFileType = sourcecode.c.h; name = YOSSession.h; path = Source/YOSSocial/YOSSession.h; sourceTree = "<group>"; };
		F23BEA910F610A9E006A4FAA /* YOSSession.m */ = {isa = PBXFileReference; fileEncoding = 4; lastKnownFileType = sourcecode.c.objc; name = YOSSession.m; path = Source/YOSSocial/YOSSession.m; sourceTree = "<group>"; };
		F23BEA920F610A9E006A4FAA /* YOSSocial.h */ = {isa = PBXFileReference; fileEncoding = 4; lastKnownFileType = sourcecode.c.h; name = YOSSocial.h; path = Source/YOSSocial/YOSSocial.h; sourceTree = "<group>"; };
		F23BEA950F610A9E006A4FAA /* YOSTokenStore.h */ = {isa = PBXFileReference; fileEncoding = 4; lastKnownFileType = sourcecode.c.h; name = YOSTokenStore.h; path = Source/YOSSocial/YOSTokenStore.h; sourceTree = "<group>"; };
		F23BEA960F610A9E006A4FAA /* YOSTokenStore.m */ = {isa = PBXFileReference; fileEncoding = 4; lastKnownFileType = sourcecode.c.objc; name = YOSTokenStore.m; path = Source/YOSSocial/YOSTokenStore.m; sourceTree = "<group>"; };
		F23BEA990F610A9E006A4FAA /* YOSUser.h */ = {isa = PBXFileReference; fileEncoding = 4; lastKnownFileType = sourcecode.c.h; name = YOSUser.h; path = Source/YOSSocial/YOSUser.h; sourceTree = "<group>"; };
		F23BEA9A0F610A9E006A4FAA /* YOSUser.m */ = {isa = PBXFileReference; fileEncoding = 4; lastKnownFileType = sourcecode.c.objc; name = YOSUser.m; path = Source/YOSSocial/YOSUser.m; sourceTree = "<group>"; };
		F23BEAC80F610AD0006A4FAA /* Base64Transcoder.c */ = {isa = PBXFileReference; fileEncoding = 4; lastKnownFileType = sourcecode.c.c; name = Base64Transcoder.c; path = Source/YOAuth/Crypto/Base64Transcoder.c; sourceTree = "<group>"; };
		F23BEAC90F610AD0006A4FAA /* Base64Transcoder.h */ = {isa = PBXFileReference; fileEncoding = 4; lastKnownFileType = sourcecode.c.h; name = Base64Transcoder.h; path = Source/YOAuth/Crypto/Base64Transcoder.h; sourceTree = "<group>"; };
		F23BEAD50F610ADB006A4FAA /* YOAuth.h */ = {isa = PBXFileReference; fileEncoding = 4; lastKnownFileType = sourcecode.c.h; name = YOAuth.h; path = Source/YOAuth/YOAuth.h; sourceTree = "<group>"; };
		F23BEAD60F610ADB006A4FAA /* YOAuthConsumer.h */ = {isa = PBXFileReference; fileEncoding = 4; lastKnownFileType = sourcecode.c.h; name = YOAuthConsumer.h; path = Source/YOAuth/YOAuthConsumer.h; sourceTree = "<group>"; };
		F23BEAD70F610ADB006A4FAA /* YOAuthConsumer.m */ = {isa = PBXFileReference; fileEncoding = 4; lastKnownFileType = sourcecode.c.objc; name = YOAuthConsumer.m; path = Source/YOAuth/YOAuthConsumer.m; sourceTree = "<group>"; };
		F23BEAD80F610ADB006A4FAA /* YOAuthRequest.h */ = {isa = PBXFileReference; fileEncoding = 4; lastKnownFileType = sourcecode.c.h; name = YOAuthRequest.h; path = Source/YOAuth/YOAuthRequest.h; sourceTree = "<group>"; };
		F23BEAD90F610ADB006A4FAA /* YOAuthRequest.m */ = {isa = PBXFileReference; fileEncoding = 4; lastKnownFileType = sourcecode.c.objc; name = YOAuthRequest.m; path = Source/YOAuth/YOAuthRequest.m; sourceTree = "<group>"; };
		F23BEADA0F610ADB006A4FAA /* YOAuthSignatureMethod_HMAC-SHA1.h */ = {isa = PBXFileReference; fileEncoding = 4; lastKnownFileType = sourcecode.c.h; name = "YOAuthSignatureMethod_HMAC-SHA1.h"; path = "Source/YOAuth/YOAuthSignatureMethod_HMAC-SHA1.h"; sourceTree = "<group>"; };
		F23BEADB0F610ADB006A4FAA /* YOAuthSignatureMethod_HMAC-SHA1.m */ = {isa = PBXFileReference; fileEncoding = 4; lastKnownFileType = sourcecode.c.objc; name = "YOAuthSignatureMethod_HMAC-SHA1.m"; path = "Source/YOAuth/YOAuthSignatureMethod_HMAC-SHA1.m"; sourceTree = "<group>"; };
		F23BEADC0F610ADB006A4FAA /* YOAuthSignatureMethod_PLAINTEXT.h */ = {isa = PBXFileReference; fileEncoding = 4; lastKnownFileType = sourcecode.c.h; name = YOAuthSignatureMethod_PLAINTEXT.h; path = Source/YOAuth/YOAuthSignatureMethod_PLAINTEXT.h; sourceTree = "<group>"; };
		F23BEADD0F610ADB006A4FAA /* YOAuthSignatureMethod_PLAINTEXT.m */ = {isa = PBXFileReference; fileEncoding = 4; lastKnownFileType = sourcecode.c.objc; name = YOAuthSignatureMethod_PLAINTEXT.m; path = Source/YOAuth/YOAuthSignatureMethod_PLAINTEXT.m; sourceTree = "<group>"; };
		F23BEADE0F610ADB006A4FAA /* YOAuthSignatureMethod.h */ = {isa = PBXFileReference; fileEncoding = 4; lastKnownFileType = sourcecode.c.h; name = YOAuthSignatureMethod.h; path = Source/YOAuth/YOAuthSignatureMethod.h; sourceTree = "<group>"; };
		F23BEADF0F610ADB006A4FAA /* YOAuthToken.h */ = {isa = PBXFileReference; fileEncoding = 4; lastKnownFileType = sourcecode.c.h; name = YOAuthToken.h; path = Source/YOAuth/YOAuthToken.h; sourceTree = "<group>"; };
		F23BEAE00F610ADB006A4FAA /* YOAuthToken.m */ = {isa = PBXFileReference; fileEncoding = 4; lastKnownFileType = sourcecode.c.objc; name = YOAuthToken.m; path = Source/YOAuth/YOAuthToken.m; sourceTree = "<group>"; };
		F23BEAE10F610ADB006A4FAA /* YOAuthUtil.h */ = {isa = PBXFileReference; fileEncoding = 4; lastKnownFileType = sourcecode.c.h; name = YOAuthUtil.h; path = Source/YOAuth/YOAuthUtil.h; sourceTree = "<group>"; };
		F23BEAE20F610ADB006A4FAA /* YOAuthUtil.m */ = {isa = PBXFileReference; fileEncoding = 4; lastKnownFileType = sourcecode.c.objc; name = YOAuthUtil.m; path = Source/YOAuth/YOAuthUtil.m; sourceTree = "<group>"; };
		F23BEAF30F610AF3006A4FAA /* NSString+URLEncoding.m */ = {isa = PBXFileReference; fileEncoding = 4; lastKnownFileType = sourcecode.c.objc; name = "NSString+URLEncoding.m"; path = "Source/YOAuth/NSString+URLEncoding.m"; sourceTree = "<group>"; };
		F23BEAF40F610AF3006A4FAA /* NSString+URLEncoding.h */ = {isa = PBXFileReference; fileEncoding = 4; lastKnownFileType = sourcecode.c.h; name = "NSString+URLEncoding.h"; path = "Source/YOAuth/NSString+URLEncoding.h"; sourceTree = "<group>"; };
		F23C32B90F70D3C700A2EE8E /* YOSUserRequest.h */ = {isa = PBXFileReference; fileEncoding = 4; lastKnownFileType = sourcecode.c.h; name = YOSUserRequest.h; path = Source/YOSSocial/YOSUserRequest.h; sourceTree = "<group>"; };
		F23C32BA0F70D3C700A2EE8E /* YOSUserRequest.m */ = {isa = PBXFileReference; fileEncoding = 4; lastKnownFileType = sourcecode.c.objc; name = YOSUserRequest.m; path = Source/YOSSocial/YOSUserRequest.m; sourceTree = "<group>"; };
		F2E1AD4910618617002D979B /* YOSOpenSocialRequest.h */ = {isa = PBXFileReference; fileEncoding = 4; lastKnownFileType = sourcecode.c.h; name = YOSOpenSocialRequest.h; path = Source/YOSSocial/YOSOpenSocialRequest.h; sourceTree = "<group>"; };
		F2E1AD4A10618617002D979B /* YOSOpenSocialRequest.m */ = {isa = PBXFileReference; fileEncoding = 4; lastKnownFileType = sourcecode.c.objc; name = YOSOpenSocialRequest.m; path = Source/YOSSocial/YOSOpenSocialRequest.m; sourceTree = "<group>"; };
/* End PBXFileReference section */

/* Begin PBXFrameworksBuildPhase section */
		8DC2EF560486A6940098B216 /* Frameworks */ = {
			isa = PBXFrameworksBuildPhase;
			buildActionMask = 2147483647;
			files = (
				A5E0B90F169DCD32009A8B54 /* SBJson.framework in Frameworks */,
				8DC2EF570486A6940098B216 /* Cocoa.framework in Frameworks */,
			);
			runOnlyForDeploymentPostprocessing = 0;
		};
		A5E0B959169DDB69009A8B54 /* Frameworks */ = {
			isa = PBXFrameworksBuildPhase;
			buildActionMask = 2147483647;
			files = (
				A5E0B984169DDD83009A8B54 /* UIKit.framework in Frameworks */,
				A5E0B982169DDCD1009A8B54 /* libsbjson-ios.a in Frameworks */,
				A5E0B95F169DDB69009A8B54 /* Foundation.framework in Frameworks */,
			);
			runOnlyForDeploymentPostprocessing = 0;
		};
/* End PBXFrameworksBuildPhase section */

/* Begin PBXGroup section */
		034768DFFF38A50411DB9C8B /* Products */ = {
			isa = PBXGroup;
			children = (
				91ED4EC4132B326B00E158C4 /* YahooSocialSdk.framework */,
				A5E0B95C169DDB69009A8B54 /* libYahooSocialSskIOS.a */,
			);
			name = Products;
			sourceTree = "<group>";
		};
		0867D691FE84028FC02AAC07 /* YahooSocialSdk */ = {
			isa = PBXGroup;
			children = (
				F23BEA770F610A90006A4FAA /* YOSSocial */,
				F23BEA760F610A8C006A4FAA /* YOAuth */,
				F23BEA750F610A85006A4FAA /* json-framework */,
				32C88DFF0371C24200C91783 /* Other Sources */,
				089C1665FE841158C02AAC07 /* Resources */,
				0867D69AFE84028FC02AAC07 /* External Frameworks and Libraries */,
				A5E0B95D169DDB69009A8B54 /* Frameworks */,
				034768DFFF38A50411DB9C8B /* Products */,
			);
			name = YahooSocialSdk;
			sourceTree = "<group>";
		};
		0867D69AFE84028FC02AAC07 /* External Frameworks and Libraries */ = {
			isa = PBXGroup;
			children = (
				1058C7B0FEA5585E11CA2CBB /* Linked Frameworks */,
				1058C7B2FEA5585E11CA2CBB /* Other Frameworks */,
			);
			name = "External Frameworks and Libraries";
			sourceTree = "<group>";
		};
		089C1665FE841158C02AAC07 /* Resources */ = {
			isa = PBXGroup;
			children = (
				8DC2EF5A0486A6940098B216 /* Info.plist */,
				089C1666FE841158C02AAC07 /* InfoPlist.strings */,
			);
			name = Resources;
			sourceTree = "<group>";
		};
		1058C7B0FEA5585E11CA2CBB /* Linked Frameworks */ = {
			isa = PBXGroup;
			children = (
				1058C7B1FEA5585E11CA2CBB /* Cocoa.framework */,
			);
			name = "Linked Frameworks";
			sourceTree = "<group>";
		};
		1058C7B2FEA5585E11CA2CBB /* Other Frameworks */ = {
			isa = PBXGroup;
			children = (
				A5E0B983169DDD83009A8B54 /* UIKit.framework */,
				0867D6A5FE840307C02AAC07 /* AppKit.framework */,
				D2F7E79907B2D74100F64583 /* CoreData.framework */,
				0867D69BFE84028FC02AAC07 /* Foundation.framework */,
			);
			name = "Other Frameworks";
			sourceTree = "<group>";
		};
		32C88DFF0371C24200C91783 /* Other Sources */ = {
			isa = PBXGroup;
			children = (
				32DBCF5E0370ADEE00C91783 /* YahooSocialSdk_Prefix.pch */,
				A5E0B962169DDB69009A8B54 /* YahooSocialSskIOS-Prefix.pch */,
			);
			name = "Other Sources";
			sourceTree = "<group>";
		};
		A5E0B8BF169DC7FD009A8B54 /* Products */ = {
			isa = PBXGroup;
			children = (
				A5E0B8C9169DC7FE009A8B54 /* SBJson.framework */,
				A5E0B8CB169DC7FE009A8B54 /* SBJsonTests.octest */,
				A5E0B8CD169DC7FE009A8B54 /* libsbjson-ios.a */,
				A5E0B8CF169DC7FE009A8B54 /* sbjson-iosTests.octest */,
			);
			name = Products;
			sourceTree = "<group>";
		};
		A5E0B95D169DDB69009A8B54 /* Frameworks */ = {
			isa = PBXGroup;
			children = (
				A5E0B95E169DDB69009A8B54 /* Foundation.framework */,
			);
			name = Frameworks;
			sourceTree = "<group>";
		};
		F23BEA750F610A85006A4FAA /* json-framework */ = {
			isa = PBXGroup;
			children = (
				A5E0B8BE169DC7FD009A8B54 /* SBJson.xcodeproj */,
			);
			name = "json-framework";
			sourceTree = "<group>";
		};
		F23BEA760F610A8C006A4FAA /* YOAuth */ = {
			isa = PBXGroup;
			children = (
				F23BEAC60F610AC5006A4FAA /* Crypto */,
				F23BEAF10F610AE4006A4FAA /* Cocoa Categories */,
				F23BEAC10F610AB9006A4FAA /* Source */,
			);
			name = YOAuth;
			sourceTree = "<group>";
		};
		F23BEA770F610A90006A4FAA /* YOSSocial */ = {
			isa = PBXGroup;
			children = (
				F23BEABE0F610AA1006A4FAA /* Source */,
			);
			name = YOSSocial;
			sourceTree = "<group>";
		};
		F23BEABE0F610AA1006A4FAA /* Source */ = {
			isa = PBXGroup;
			children = (
				F23BEA920F610A9E006A4FAA /* YOSSocial.h */,
				F23BEA900F610A9E006A4FAA /* YOSSession.h */,
				F23BEA910F610A9E006A4FAA /* YOSSession.m */,
				F23BEA990F610A9E006A4FAA /* YOSUser.h */,
				F23BEA9A0F610A9E006A4FAA /* YOSUser.m */,
				F23BEA8A0F610A9E006A4FAA /* YOSRequestClient.h */,
				F23BEA8B0F610A9E006A4FAA /* YOSRequestClient.m */,
				F23BEA8E0F610A9E006A4FAA /* YOSResponseData.h */,
				F23BEA8F0F610A9E006A4FAA /* YOSResponseData.m */,
				F23BEA7C0F610A9E006A4FAA /* YOSAccessToken.h */,
				F23BEA7D0F610A9E006A4FAA /* YOSAccessToken.m */,
				F23BEA8C0F610A9E006A4FAA /* YOSRequestToken.h */,
				F23BEA8D0F610A9E006A4FAA /* YOSRequestToken.m */,
				F23BEA950F610A9E006A4FAA /* YOSTokenStore.h */,
				F23BEA960F610A9E006A4FAA /* YOSTokenStore.m */,
				F23BEA800F610A9E006A4FAA /* YOSBaseRequest.h */,
				F23BEA810F610A9E006A4FAA /* YOSBaseRequest.m */,
				F23BEA7E0F610A9E006A4FAA /* YOSAuthRequest.h */,
				F23BEA7F0F610A9E006A4FAA /* YOSAuthRequest.m */,
				F23C32B90F70D3C700A2EE8E /* YOSUserRequest.h */,
				F23C32BA0F70D3C700A2EE8E /* YOSUserRequest.m */,
				F2E1AD4910618617002D979B /* YOSOpenSocialRequest.h */,
				F2E1AD4A10618617002D979B /* YOSOpenSocialRequest.m */,
				F23BEA880F610A9E006A4FAA /* YQLQueryRequest.h */,
				F23BEA890F610A9E006A4FAA /* YQLQueryRequest.m */,
			);
			name = Source;
			sourceTree = "<group>";
		};
		F23BEAC10F610AB9006A4FAA /* Source */ = {
			isa = PBXGroup;
			children = (
				F23BEAD50F610ADB006A4FAA /* YOAuth.h */,
				F23BEAD60F610ADB006A4FAA /* YOAuthConsumer.h */,
				F23BEAD70F610ADB006A4FAA /* YOAuthConsumer.m */,
				F23BEAD80F610ADB006A4FAA /* YOAuthRequest.h */,
				F23BEAD90F610ADB006A4FAA /* YOAuthRequest.m */,
				F23BEADA0F610ADB006A4FAA /* YOAuthSignatureMethod_HMAC-SHA1.h */,
				F23BEADB0F610ADB006A4FAA /* YOAuthSignatureMethod_HMAC-SHA1.m */,
				F23BEADC0F610ADB006A4FAA /* YOAuthSignatureMethod_PLAINTEXT.h */,
				F23BEADD0F610ADB006A4FAA /* YOAuthSignatureMethod_PLAINTEXT.m */,
				F23BEADE0F610ADB006A4FAA /* YOAuthSignatureMethod.h */,
				F23BEADF0F610ADB006A4FAA /* YOAuthToken.h */,
				F23BEAE00F610ADB006A4FAA /* YOAuthToken.m */,
				F23BEAE10F610ADB006A4FAA /* YOAuthUtil.h */,
				F23BEAE20F610ADB006A4FAA /* YOAuthUtil.m */,
			);
			name = Source;
			sourceTree = "<group>";
		};
		F23BEAC60F610AC5006A4FAA /* Crypto */ = {
			isa = PBXGroup;
			children = (
				F23BEAC80F610AD0006A4FAA /* Base64Transcoder.c */,
				F23BEAC90F610AD0006A4FAA /* Base64Transcoder.h */,
			);
			name = Crypto;
			sourceTree = "<group>";
		};
		F23BEAF10F610AE4006A4FAA /* Cocoa Categories */ = {
			isa = PBXGroup;
			children = (
				F2235FD30F72222200BDA003 /* NSDictionary+QueryString.h */,
				F2235FD40F72222200BDA003 /* NSDictionary+QueryString.m */,
				F23BEAF40F610AF3006A4FAA /* NSString+URLEncoding.h */,
				F23BEAF30F610AF3006A4FAA /* NSString+URLEncoding.m */,
				F2235FCF0F7221EC00BDA003 /* NSData+OAuthResponse.h */,
				F2235FD00F7221EC00BDA003 /* NSData+OAuthResponse.m */,
			);
			name = "Cocoa Categories";
			sourceTree = "<group>";
		};
/* End PBXGroup section */

/* Begin PBXHeadersBuildPhase section */
		8DC2EF500486A6940098B216 /* Headers */ = {
			isa = PBXHeadersBuildPhase;
			buildActionMask = 2147483647;
			files = (
				F23BEA9F0F610A9E006A4FAA /* YOSAccessToken.h in Headers */,
				F23BEAA10F610A9E006A4FAA /* YOSAuthRequest.h in Headers */,
				F23BEAA30F610A9E006A4FAA /* YOSBaseRequest.h in Headers */,
				F23BEAAB0F610A9E006A4FAA /* YQLQueryRequest.h in Headers */,
				F23BEAAD0F610A9E006A4FAA /* YOSRequestClient.h in Headers */,
				F23BEAAF0F610A9E006A4FAA /* YOSRequestToken.h in Headers */,
				F23BEAB10F610A9E006A4FAA /* YOSResponseData.h in Headers */,
				F23BEAB30F610A9E006A4FAA /* YOSSession.h in Headers */,
				F23BEAB50F610A9E006A4FAA /* YOSSocial.h in Headers */,
				F23BEAB80F610A9E006A4FAA /* YOSTokenStore.h in Headers */,
				F23BEABC0F610A9E006A4FAA /* YOSUser.h in Headers */,
				F23BEACF0F610AD0006A4FAA /* Base64Transcoder.h in Headers */,
				F23BEAE30F610ADB006A4FAA /* YOAuth.h in Headers */,
				F23BEAE40F610ADB006A4FAA /* YOAuthConsumer.h in Headers */,
				F23BEAE60F610ADB006A4FAA /* YOAuthRequest.h in Headers */,
				F23BEAE80F610ADB006A4FAA /* YOAuthSignatureMethod_HMAC-SHA1.h in Headers */,
				F23BEAEA0F610ADB006A4FAA /* YOAuthSignatureMethod_PLAINTEXT.h in Headers */,
				F23BEAEC0F610ADB006A4FAA /* YOAuthSignatureMethod.h in Headers */,
				F23BEAED0F610ADB006A4FAA /* YOAuthToken.h in Headers */,
				F23BEAEF0F610ADB006A4FAA /* YOAuthUtil.h in Headers */,
				F23BEAF60F610AF3006A4FAA /* NSString+URLEncoding.h in Headers */,
				F23C32BB0F70D3C700A2EE8E /* YOSUserRequest.h in Headers */,
				F2235FD10F7221EC00BDA003 /* NSData+OAuthResponse.h in Headers */,
				F2235FD50F72222200BDA003 /* NSDictionary+QueryString.h in Headers */,
				F2E1AD4B10618617002D979B /* YOSOpenSocialRequest.h in Headers */,
			);
			runOnlyForDeploymentPostprocessing = 0;
		};
/* End PBXHeadersBuildPhase section */

/* Begin PBXNativeTarget section */
		8DC2EF4F0486A6940098B216 /* YahooSocialSdk */ = {
			isa = PBXNativeTarget;
			buildConfigurationList = 1DEB91AD08733DA50010E9CD /* Build configuration list for PBXNativeTarget "YahooSocialSdk" */;
			buildPhases = (
				8DC2EF500486A6940098B216 /* Headers */,
				8DC2EF520486A6940098B216 /* Resources */,
				8DC2EF540486A6940098B216 /* Sources */,
				8DC2EF560486A6940098B216 /* Frameworks */,
				F23BEA640F610A1C006A4FAA /* ShellScript */,
			);
			buildRules = (
			);
			dependencies = (
				A5E0B90E169DCD2E009A8B54 /* PBXTargetDependency */,
			);
			name = YahooSocialSdk;
			productInstallPath = "$(HOME)/Library/Frameworks";
			productName = YahooSocialSdk;
			productReference = 91ED4EC4132B326B00E158C4 /* YahooSocialSdk.framework */;
			productType = "com.apple.product-type.framework";
		};
		A5E0B95B169DDB69009A8B54 /* YahooSocialSskIOS */ = {
			isa = PBXNativeTarget;
			buildConfigurationList = A5E0B967169DDB69009A8B54 /* Build configuration list for PBXNativeTarget "YahooSocialSskIOS" */;
			buildPhases = (
				A5E0B958169DDB69009A8B54 /* Sources */,
				A5E0B959169DDB69009A8B54 /* Frameworks */,
				A5E0B95A169DDB69009A8B54 /* CopyFiles */,
			);
			buildRules = (
			);
			dependencies = (
				A5E0B96B169DDC2E009A8B54 /* PBXTargetDependency */,
			);
			name = YahooSocialSskIOS;
			productName = YahooSocialSskIOS;
			productReference = A5E0B95C169DDB69009A8B54 /* libYahooSocialSskIOS.a */;
			productType = "com.apple.product-type.library.static";
		};
/* End PBXNativeTarget section */

/* Begin PBXProject section */
		0867D690FE84028FC02AAC07 /* Project object */ = {
			isa = PBXProject;
			attributes = {
				LastUpgradeCheck = 0450;
			};
			buildConfigurationList = 1DEB91B108733DA50010E9CD /* Build configuration list for PBXProject "YahooSocialSdk" */;
			compatibilityVersion = "Xcode 3.2";
			developmentRegion = English;
			hasScannedForEncodings = 1;
			knownRegions = (
				English,
				Japanese,
				French,
				German,
			);
			mainGroup = 0867D691FE84028FC02AAC07 /* YahooSocialSdk */;
			productRefGroup = 034768DFFF38A50411DB9C8B /* Products */;
			projectDirPath = "";
			projectReferences = (
				{
					ProductGroup = A5E0B8BF169DC7FD009A8B54 /* Products */;
					ProjectRef = A5E0B8BE169DC7FD009A8B54 /* SBJson.xcodeproj */;
				},
			);
			projectRoot = "";
			targets = (
				8DC2EF4F0486A6940098B216 /* YahooSocialSdk */,
				A5E0B95B169DDB69009A8B54 /* YahooSocialSskIOS */,
			);
		};
/* End PBXProject section */

/* Begin PBXReferenceProxy section */
		A5E0B8C9169DC7FE009A8B54 /* SBJson.framework */ = {
			isa = PBXReferenceProxy;
			fileType = wrapper.framework;
			path = SBJson.framework;
			remoteRef = A5E0B8C8169DC7FE009A8B54 /* PBXContainerItemProxy */;
			sourceTree = BUILT_PRODUCTS_DIR;
		};
		A5E0B8CB169DC7FE009A8B54 /* SBJsonTests.octest */ = {
			isa = PBXReferenceProxy;
			fileType = wrapper.cfbundle;
			path = SBJsonTests.octest;
			remoteRef = A5E0B8CA169DC7FE009A8B54 /* PBXContainerItemProxy */;
			sourceTree = BUILT_PRODUCTS_DIR;
		};
		A5E0B8CD169DC7FE009A8B54 /* libsbjson-ios.a */ = {
			isa = PBXReferenceProxy;
			fileType = archive.ar;
			path = "libsbjson-ios.a";
			remoteRef = A5E0B8CC169DC7FE009A8B54 /* PBXContainerItemProxy */;
			sourceTree = BUILT_PRODUCTS_DIR;
		};
		A5E0B8CF169DC7FE009A8B54 /* sbjson-iosTests.octest */ = {
			isa = PBXReferenceProxy;
			fileType = wrapper.cfbundle;
			path = "sbjson-iosTests.octest";
			remoteRef = A5E0B8CE169DC7FE009A8B54 /* PBXContainerItemProxy */;
			sourceTree = BUILT_PRODUCTS_DIR;
		};
/* End PBXReferenceProxy section */

/* Begin PBXResourcesBuildPhase section */
		8DC2EF520486A6940098B216 /* Resources */ = {
			isa = PBXResourcesBuildPhase;
			buildActionMask = 2147483647;
			files = (
				8DC2EF530486A6940098B216 /* InfoPlist.strings in Resources */,
			);
			runOnlyForDeploymentPostprocessing = 0;
		};
/* End PBXResourcesBuildPhase section */

/* Begin PBXShellScriptBuildPhase section */
		F23BEA640F610A1C006A4FAA /* ShellScript */ = {
			isa = PBXShellScriptBuildPhase;
			buildActionMask = 2147483647;
			files = (
			);
			inputPaths = (
			);
			outputPaths = (
			);
			runOnlyForDeploymentPostprocessing = 0;
			shellPath = /bin/sh;
			shellScript = "if [ -e /applications/Doxygen.app ]; then /Applications/Doxygen.app/Contents/Resources/doxygen yosdk_objc.doxygen; fi";
		};
/* End PBXShellScriptBuildPhase section */

/* Begin PBXSourcesBuildPhase section */
		8DC2EF540486A6940098B216 /* Sources */ = {
			isa = PBXSourcesBuildPhase;
			buildActionMask = 2147483647;
			files = (
				F23BEAA00F610A9E006A4FAA /* YOSAccessToken.m in Sources */,
				F23BEAA20F610A9E006A4FAA /* YOSAuthRequest.m in Sources */,
				F23BEAA40F610A9E006A4FAA /* YOSBaseRequest.m in Sources */,
				F23BEAAC0F610A9E006A4FAA /* YQLQueryRequest.m in Sources */,
				F23BEAAE0F610A9E006A4FAA /* YOSRequestClient.m in Sources */,
				F23BEAB00F610A9E006A4FAA /* YOSRequestToken.m in Sources */,
				F23BEAB20F610A9E006A4FAA /* YOSResponseData.m in Sources */,
				F23BEAB40F610A9E006A4FAA /* YOSSession.m in Sources */,
				F23BEAB90F610A9E006A4FAA /* YOSTokenStore.m in Sources */,
				F23BEABD0F610A9E006A4FAA /* YOSUser.m in Sources */,
				F23BEACE0F610AD0006A4FAA /* Base64Transcoder.c in Sources */,
				F23BEAE50F610ADB006A4FAA /* YOAuthConsumer.m in Sources */,
				F23BEAE70F610ADB006A4FAA /* YOAuthRequest.m in Sources */,
				F23BEAE90F610ADB006A4FAA /* YOAuthSignatureMethod_HMAC-SHA1.m in Sources */,
				F23BEAEB0F610ADB006A4FAA /* YOAuthSignatureMethod_PLAINTEXT.m in Sources */,
				F23BEAEE0F610ADB006A4FAA /* YOAuthToken.m in Sources */,
				F23BEAF00F610ADB006A4FAA /* YOAuthUtil.m in Sources */,
				F23BEAF50F610AF3006A4FAA /* NSString+URLEncoding.m in Sources */,
				F23C32BC0F70D3C700A2EE8E /* YOSUserRequest.m in Sources */,
				F2235FD20F7221EC00BDA003 /* NSData+OAuthResponse.m in Sources */,
				F2235FD60F72222200BDA003 /* NSDictionary+QueryString.m in Sources */,
				F2E1AD4C10618617002D979B /* YOSOpenSocialRequest.m in Sources */,
			);
			runOnlyForDeploymentPostprocessing = 0;
		};
		A5E0B958169DDB69009A8B54 /* Sources */ = {
			isa = PBXSourcesBuildPhase;
			buildActionMask = 2147483647;
			files = (
				A5E0B96C169DDC66009A8B54 /* YOSSession.m in Sources */,
				A5E0B96D169DDC6C009A8B54 /* YOSUser.m in Sources */,
				A5E0B96E169DDC6F009A8B54 /* YOSRequestClient.m in Sources */,
				A5E0B96F169DDC72009A8B54 /* YOSResponseData.m in Sources */,
				A5E0B970169DDC74009A8B54 /* YOSAccessToken.m in Sources */,
				A5E0B971169DDC77009A8B54 /* YOSRequestToken.m in Sources */,
				A5E0B972169DDC7A009A8B54 /* YOSTokenStore.m in Sources */,
				A5E0B973169DDC7D009A8B54 /* YOSBaseRequest.m in Sources */,
				A5E0B974169DDC80009A8B54 /* YOSAuthRequest.m in Sources */,
				A5E0B975169DDC83009A8B54 /* YOSUserRequest.m in Sources */,
				A5E0B976169DDC86009A8B54 /* YOSOpenSocialRequest.m in Sources */,
				A5E0B977169DDC89009A8B54 /* YQLQueryRequest.m in Sources */,
				A5E0B978169DDC8F009A8B54 /* Base64Transcoder.c in Sources */,
				A5E0B979169DDC96009A8B54 /* NSDictionary+QueryString.m in Sources */,
				A5E0B97A169DDC99009A8B54 /* NSString+URLEncoding.m in Sources */,
				A5E0B97B169DDC9D009A8B54 /* NSData+OAuthResponse.m in Sources */,
				A5E0B97C169DDCA8009A8B54 /* YOAuthConsumer.m in Sources */,
				A5E0B97D169DDCAB009A8B54 /* YOAuthRequest.m in Sources */,
				A5E0B97E169DDCAF009A8B54 /* YOAuthSignatureMethod_HMAC-SHA1.m in Sources */,
				A5E0B97F169DDCB2009A8B54 /* YOAuthSignatureMethod_PLAINTEXT.m in Sources */,
				A5E0B980169DDCB7009A8B54 /* YOAuthToken.m in Sources */,
				A5E0B981169DDCBA009A8B54 /* YOAuthUtil.m in Sources */,
			);
			runOnlyForDeploymentPostprocessing = 0;
		};
/* End PBXSourcesBuildPhase section */

/* Begin PBXTargetDependency section */
		A5E0B90E169DCD2E009A8B54 /* PBXTargetDependency */ = {
			isa = PBXTargetDependency;
			name = SBJson;
			targetProxy = A5E0B90D169DCD2E009A8B54 /* PBXContainerItemProxy */;
		};
		A5E0B96B169DDC2E009A8B54 /* PBXTargetDependency */ = {
			isa = PBXTargetDependency;
			name = "sbjson-ios";
			targetProxy = A5E0B96A169DDC2E009A8B54 /* PBXContainerItemProxy */;
		};
/* End PBXTargetDependency section */

/* Begin PBXVariantGroup section */
		089C1666FE841158C02AAC07 /* InfoPlist.strings */ = {
			isa = PBXVariantGroup;
			children = (
				089C1667FE841158C02AAC07 /* English */,
			);
			name = InfoPlist.strings;
			sourceTree = "<group>";
		};
/* End PBXVariantGroup section */

/* Begin XCBuildConfiguration section */
		1DEB91AE08733DA50010E9CD /* Debug */ = {
			isa = XCBuildConfiguration;
			buildSettings = {
				ALWAYS_SEARCH_USER_PATHS = NO;
				ARCHS = "$(ARCHS_STANDARD_64_BIT)";
				CLANG_ENABLE_OBJC_ARC = YES;
				COMBINE_HIDPI_IMAGES = YES;
				COPY_PHASE_STRIP = NO;
				DYLIB_COMPATIBILITY_VERSION = 1;
				DYLIB_CURRENT_VERSION = 1;
				FRAMEWORK_VERSION = A;
				GCC_C_LANGUAGE_STANDARD = c99;
				GCC_DYNAMIC_NO_PIC = NO;
				GCC_OPTIMIZATION_LEVEL = s;
				GCC_PRECOMPILE_PREFIX_HEADER = YES;
				GCC_PREFIX_HEADER = YahooSocialSdk_Prefix.pch;
				HEADER_SEARCH_PATHS = "$(PROJECT_TEMP_DIR)/$(CONFIGURATION)$(EFFECTIVE_PLATFORM_NAME)";
				INFOPLIST_FILE = Info.plist;
				INSTALL_PATH = "@executable_path/../Frameworks";
				LIBRARY_SEARCH_PATHS = "$(inherited)";
				ONLY_ACTIVE_ARCH = NO;
				PRODUCT_NAME = YahooSocialSdk;
				SDKROOT = macosx;
				WRAPPER_EXTENSION = framework;
			};
			name = Debug;
		};
		1DEB91AF08733DA50010E9CD /* Release */ = {
			isa = XCBuildConfiguration;
			buildSettings = {
				ALWAYS_SEARCH_USER_PATHS = NO;
				ARCHS = "$(ARCHS_STANDARD_64_BIT)";
				CLANG_ENABLE_OBJC_ARC = YES;
				COMBINE_HIDPI_IMAGES = YES;
				DEBUG_INFORMATION_FORMAT = "dwarf-with-dsym";
				DYLIB_COMPATIBILITY_VERSION = 1;
				DYLIB_CURRENT_VERSION = 1;
				FRAMEWORK_VERSION = A;
				GCC_C_LANGUAGE_STANDARD = c99;
				GCC_PRECOMPILE_PREFIX_HEADER = YES;
				GCC_PREFIX_HEADER = YahooSocialSdk_Prefix.pch;
				HEADER_SEARCH_PATHS = "$(PROJECT_TEMP_DIR)/$(CONFIGURATION)$(EFFECTIVE_PLATFORM_NAME)";
				INFOPLIST_FILE = Info.plist;
				INSTALL_PATH = "@executable_path/../Frameworks";
				LIBRARY_SEARCH_PATHS = "$(inherited)";
				ONLY_ACTIVE_ARCH = NO;
				PRODUCT_NAME = YahooSocialSdk;
				SDKROOT = macosx;
				WRAPPER_EXTENSION = framework;
			};
			name = Release;
		};
		1DEB91B208733DA50010E9CD /* Debug */ = {
			isa = XCBuildConfiguration;
			buildSettings = {
				ARCHS = "$(ARCHS_STANDARD_32_64_BIT)";
				GCC_C_LANGUAGE_STANDARD = c99;
				GCC_OPTIMIZATION_LEVEL = 0;
				GCC_WARN_ABOUT_RETURN_TYPE = YES;
				GCC_WARN_UNUSED_VARIABLE = YES;
				ONLY_ACTIVE_ARCH = YES;
				SDKROOT = macosx;
			};
			name = Debug;
		};
		1DEB91B308733DA50010E9CD /* Release */ = {
			isa = XCBuildConfiguration;
			buildSettings = {
				ARCHS = "$(ARCHS_STANDARD_32_64_BIT)";
				GCC_C_LANGUAGE_STANDARD = c99;
				GCC_WARN_ABOUT_RETURN_TYPE = YES;
				GCC_WARN_UNUSED_VARIABLE = YES;
				SDKROOT = macosx;
			};
			name = Release;
		};
		A5E0B968169DDB69009A8B54 /* Debug */ = {
			isa = XCBuildConfiguration;
			buildSettings = {
				ALWAYS_SEARCH_USER_PATHS = NO;
				CLANG_CXX_LANGUAGE_STANDARD = "gnu++0x";
				CLANG_CXX_LIBRARY = "libc++";
				CLANG_ENABLE_OBJC_ARC = YES;
				CLANG_WARN_EMPTY_BODY = YES;
				CLANG_WARN__DUPLICATE_METHOD_MATCH = YES;
				COPY_PHASE_STRIP = NO;
				DSTROOT = /tmp/YahooSocialSskIOS.dst;
				GCC_C_LANGUAGE_STANDARD = gnu99;
				GCC_DYNAMIC_NO_PIC = NO;
				GCC_PRECOMPILE_PREFIX_HEADER = YES;
				GCC_PREFIX_HEADER = "YahooSocialSskIOS-Prefix.pch";
				GCC_PREPROCESSOR_DEFINITIONS = (
					"DEBUG=1",
					"$(inherited)",
				);
				GCC_SYMBOLS_PRIVATE_EXTERN = NO;
				GCC_WARN_UNINITIALIZED_AUTOS = YES;
				IPHONEOS_DEPLOYMENT_TARGET = 5.0;
				OTHER_LDFLAGS = "-ObjC";
				PRODUCT_NAME = "$(TARGET_NAME)";
				SDKROOT = iphoneos;
				SKIP_INSTALL = YES;
			};
			name = Debug;
		};
		A5E0B969169DDB69009A8B54 /* Release */ = {
			isa = XCBuildConfiguration;
			buildSettings = {
				ALWAYS_SEARCH_USER_PATHS = NO;
				CLANG_CXX_LANGUAGE_STANDARD = "gnu++0x";
				CLANG_CXX_LIBRARY = "libc++";
				CLANG_ENABLE_OBJC_ARC = YES;
				CLANG_WARN_EMPTY_BODY = YES;
				CLANG_WARN__DUPLICATE_METHOD_MATCH = YES;
				COPY_PHASE_STRIP = YES;
				DSTROOT = /tmp/YahooSocialSskIOS.dst;
				GCC_C_LANGUAGE_STANDARD = gnu99;
				GCC_PRECOMPILE_PREFIX_HEADER = YES;
				GCC_PREFIX_HEADER = "YahooSocialSskIOS-Prefix.pch";
				GCC_WARN_UNINITIALIZED_AUTOS = YES;
				IPHONEOS_DEPLOYMENT_TARGET = 5.0;
				OTHER_LDFLAGS = "-ObjC";
				PRODUCT_NAME = "$(TARGET_NAME)";
				SDKROOT = iphoneos;
				SKIP_INSTALL = YES;
				VALIDATE_PRODUCT = YES;
			};
			name = Release;
		};
/* End XCBuildConfiguration section */

/* Begin XCConfigurationList section */
		1DEB91AD08733DA50010E9CD /* Build configuration list for PBXNativeTarget "YahooSocialSdk" */ = {
			isa = XCConfigurationList;
			buildConfigurations = (
				1DEB91AE08733DA50010E9CD /* Debug */,
				1DEB91AF08733DA50010E9CD /* Release */,
			);
			defaultConfigurationIsVisible = 0;
			defaultConfigurationName = Release;
		};
		1DEB91B108733DA50010E9CD /* Build configuration list for PBXProject "YahooSocialSdk" */ = {
			isa = XCConfigurationList;
			buildConfigurations = (
				1DEB91B208733DA50010E9CD /* Debug */,
				1DEB91B308733DA50010E9CD /* Release */,
			);
			defaultConfigurationIsVisible = 0;
			defaultConfigurationName = Release;
		};
		A5E0B967169DDB69009A8B54 /* Build configuration list for PBXNativeTarget "YahooSocialSskIOS" */ = {
			isa = XCConfigurationList;
			buildConfigurations = (
				A5E0B968169DDB69009A8B54 /* Debug */,
				A5E0B969169DDB69009A8B54 /* Release */,
			);
			defaultConfigurationIsVisible = 0;
		};
/* End XCConfigurationList section */
	};
	rootObject = 0867D690FE84028FC02AAC07 /* Project object */;
}
