// !$*UTF8*$!
{
	archiveVersion = 1;
	classes = {
	};
	objectVersion = 45;
	objects = {

/* Begin PBXBuildFile section */
		8DC2EF530486A6940098B216 /* InfoPlist.strings in Resources */ = {isa = PBXBuildFile; fileRef = 089C1666FE841158C02AAC07 /* InfoPlist.strings */; };
		8DC2EF570486A6940098B216 /* Cocoa.framework in Frameworks */ = {isa = PBXBuildFile; fileRef = 1058C7B1FEA5585E11CA2CBB /* Cocoa.framework */; };
		F2235FD10F7221EC00BDA003 /* NSData+OAuthResponse.h in Headers */ = {isa = PBXBuildFile; fileRef = F2235FCF0F7221EC00BDA003 /* NSData+OAuthResponse.h */; };
		F2235FD20F7221EC00BDA003 /* NSData+OAuthResponse.m in Sources */ = {isa = PBXBuildFile; fileRef = F2235FD00F7221EC00BDA003 /* NSData+OAuthResponse.m */; };
		F2235FD50F72222200BDA003 /* NSDictionary+QueryString.h in Headers */ = {isa = PBXBuildFile; fileRef = F2235FD30F72222200BDA003 /* NSDictionary+QueryString.h */; };
		F2235FD60F72222200BDA003 /* NSDictionary+QueryString.m in Sources */ = {isa = PBXBuildFile; fileRef = F2235FD40F72222200BDA003 /* NSDictionary+QueryString.m */; };
		F23BEA9F0F610A9E006A4FAA /* YOSAccessToken.h in Headers */ = {isa = PBXBuildFile; fileRef = F23BEA7C0F610A9E006A4FAA /* YOSAccessToken.h */; };
		F23BEAA00F610A9E006A4FAA /* YOSAccessToken.m in Sources */ = {isa = PBXBuildFile; fileRef = F23BEA7D0F610A9E006A4FAA /* YOSAccessToken.m */; };
		F23BEAA10F610A9E006A4FAA /* YOSAuthRequest.h in Headers */ = {isa = PBXBuildFile; fileRef = F23BEA7E0F610A9E006A4FAA /* YOSAuthRequest.h */; };
		F23BEAA20F610A9E006A4FAA /* YOSAuthRequest.m in Sources */ = {isa = PBXBuildFile; fileRef = F23BEA7F0F610A9E006A4FAA /* YOSAuthRequest.m */; };
		F23BEAA30F610A9E006A4FAA /* YOSBaseRequest.h in Headers */ = {isa = PBXBuildFile; fileRef = F23BEA800F610A9E006A4FAA /* YOSBaseRequest.h */; };
		F23BEAA40F610A9E006A4FAA /* YOSBaseRequest.m in Sources */ = {isa = PBXBuildFile; fileRef = F23BEA810F610A9E006A4FAA /* YOSBaseRequest.m */; };
		F23BEAAB0F610A9E006A4FAA /* YQLQueryRequest.h in Headers */ = {isa = PBXBuildFile; fileRef = F23BEA880F610A9E006A4FAA /* YQLQueryRequest.h */; };
		F23BEAAC0F610A9E006A4FAA /* YQLQueryRequest.m in Sources */ = {isa = PBXBuildFile; fileRef = F23BEA890F610A9E006A4FAA /* YQLQueryRequest.m */; };
		F23BEAAD0F610A9E006A4FAA /* YOSRequestClient.h in Headers */ = {isa = PBXBuildFile; fileRef = F23BEA8A0F610A9E006A4FAA /* YOSRequestClient.h */; };
		F23BEAAE0F610A9E006A4FAA /* YOSRequestClient.m in Sources */ = {isa = PBXBuildFile; fileRef = F23BEA8B0F610A9E006A4FAA /* YOSRequestClient.m */; };
		F23BEAAF0F610A9E006A4FAA /* YOSRequestToken.h in Headers */ = {isa = PBXBuildFile; fileRef = F23BEA8C0F610A9E006A4FAA /* YOSRequestToken.h */; };
		F23BEAB00F610A9E006A4FAA /* YOSRequestToken.m in Sources */ = {isa = PBXBuildFile; fileRef = F23BEA8D0F610A9E006A4FAA /* YOSRequestToken.m */; };
		F23BEAB10F610A9E006A4FAA /* YOSResponseData.h in Headers */ = {isa = PBXBuildFile; fileRef = F23BEA8E0F610A9E006A4FAA /* YOSResponseData.h */; };
		F23BEAB20F610A9E006A4FAA /* YOSResponseData.m in Sources */ = {isa = PBXBuildFile; fileRef = F23BEA8F0F610A9E006A4FAA /* YOSResponseData.m */; };
		F23BEAB30F610A9E006A4FAA /* YOSSession.h in Headers */ = {isa = PBXBuildFile; fileRef = F23BEA900F610A9E006A4FAA /* YOSSession.h */; };
		F23BEAB40F610A9E006A4FAA /* YOSSession.m in Sources */ = {isa = PBXBuildFile; fileRef = F23BEA910F610A9E006A4FAA /* YOSSession.m */; };
		F23BEAB50F610A9E006A4FAA /* YOSSocial.h in Headers */ = {isa = PBXBuildFile; fileRef = F23BEA920F610A9E006A4FAA /* YOSSocial.h */; };
		F23BEAB80F610A9E006A4FAA /* YOSTokenStore.h in Headers */ = {isa = PBXBuildFile; fileRef = F23BEA950F610A9E006A4FAA /* YOSTokenStore.h */; };
		F23BEAB90F610A9E006A4FAA /* YOSTokenStore.m in Sources */ = {isa = PBXBuildFile; fileRef = F23BEA960F610A9E006A4FAA /* YOSTokenStore.m */; };
		F23BEABC0F610A9E006A4FAA /* YOSUser.h in Headers */ = {isa = PBXBuildFile; fileRef = F23BEA990F610A9E006A4FAA /* YOSUser.h */; };
		F23BEABD0F610A9E006A4FAA /* YOSUser.m in Sources */ = {isa = PBXBuildFile; fileRef = F23BEA9A0F610A9E006A4FAA /* YOSUser.m */; };
		F23BEACE0F610AD0006A4FAA /* Base64Transcoder.c in Sources */ = {isa = PBXBuildFile; fileRef = F23BEAC80F610AD0006A4FAA /* Base64Transcoder.c */; };
		F23BEACF0F610AD0006A4FAA /* Base64Transcoder.h in Headers */ = {isa = PBXBuildFile; fileRef = F23BEAC90F610AD0006A4FAA /* Base64Transcoder.h */; };
		F23BEAE30F610ADB006A4FAA /* YOAuth.h in Headers */ = {isa = PBXBuildFile; fileRef = F23BEAD50F610ADB006A4FAA /* YOAuth.h */; };
		F23BEAE40F610ADB006A4FAA /* YOAuthConsumer.h in Headers */ = {isa = PBXBuildFile; fileRef = F23BEAD60F610ADB006A4FAA /* YOAuthConsumer.h */; };
		F23BEAE50F610ADB006A4FAA /* YOAuthConsumer.m in Sources */ = {isa = PBXBuildFile; fileRef = F23BEAD70F610ADB006A4FAA /* YOAuthConsumer.m */; };
		F23BEAE60F610ADB006A4FAA /* YOAuthRequest.h in Headers */ = {isa = PBXBuildFile; fileRef = F23BEAD80F610ADB006A4FAA /* YOAuthRequest.h */; };
		F23BEAE70F610ADB006A4FAA /* YOAuthRequest.m in Sources */ = {isa = PBXBuildFile; fileRef = F23BEAD90F610ADB006A4FAA /* YOAuthRequest.m */; };
		F23BEAE80F610ADB006A4FAA /* YOAuthSignatureMethod_HMAC-SHA1.h in Headers */ = {isa = PBXBuildFile; fileRef = F23BEADA0F610ADB006A4FAA /* YOAuthSignatureMethod_HMAC-SHA1.h */; };
		F23BEAE90F610ADB006A4FAA /* YOAuthSignatureMethod_HMAC-SHA1.m in Sources */ = {isa = PBXBuildFile; fileRef = F23BEADB0F610ADB006A4FAA /* YOAuthSignatureMethod_HMAC-SHA1.m */; };
		F23BEAEA0F610ADB006A4FAA /* YOAuthSignatureMethod_PLAINTEXT.h in Headers */ = {isa = PBXBuildFile; fileRef = F23BEADC0F610ADB006A4FAA /* YOAuthSignatureMethod_PLAINTEXT.h */; };
		F23BEAEB0F610ADB006A4FAA /* YOAuthSignatureMethod_PLAINTEXT.m in Sources */ = {isa = PBXBuildFile; fileRef = F23BEADD0F610ADB006A4FAA /* YOAuthSignatureMethod_PLAINTEXT.m */; };
		F23BEAEC0F610ADB006A4FAA /* YOAuthSignatureMethod.h in Headers */ = {isa = PBXBuildFile; fileRef = F23BEADE0F610ADB006A4FAA /* YOAuthSignatureMethod.h */; };
		F23BEAED0F610ADB006A4FAA /* YOAuthToken.h in Headers */ = {isa = PBXBuildFile; fileRef = F23BEADF0F610ADB006A4FAA /* YOAuthToken.h */; };
		F23BEAEE0F610ADB006A4FAA /* YOAuthToken.m in Sources */ = {isa = PBXBuildFile; fileRef = F23BEAE00F610ADB006A4FAA /* YOAuthToken.m */; };
		F23BEAEF0F610ADB006A4FAA /* YOAuthUtil.h in Headers */ = {isa = PBXBuildFile; fileRef = F23BEAE10F610ADB006A4FAA /* YOAuthUtil.h */; };
		F23BEAF00F610ADB006A4FAA /* YOAuthUtil.m in Sources */ = {isa = PBXBuildFile; fileRef = F23BEAE20F610ADB006A4FAA /* YOAuthUtil.m */; };
		F23BEAF50F610AF3006A4FAA /* NSString+URLEncoding.m in Sources */ = {isa = PBXBuildFile; fileRef = F23BEAF30F610AF3006A4FAA /* NSString+URLEncoding.m */; };
		F23BEAF60F610AF3006A4FAA /* NSString+URLEncoding.h in Headers */ = {isa = PBXBuildFile; fileRef = F23BEAF40F610AF3006A4FAA /* NSString+URLEncoding.h */; };
		F23BEB000F610B0B006A4FAA /* JSON.h in Headers */ = {isa = PBXBuildFile; fileRef = F23BEAF90F610B0B006A4FAA /* JSON.h */; };
		F23BEB010F610B0B006A4FAA /* NSObject+SBJSON.h in Headers */ = {isa = PBXBuildFile; fileRef = F23BEAFA0F610B0B006A4FAA /* NSObject+SBJSON.h */; };
		F23BEB020F610B0B006A4FAA /* NSObject+SBJSON.m in Sources */ = {isa = PBXBuildFile; fileRef = F23BEAFB0F610B0B006A4FAA /* NSObject+SBJSON.m */; };
		F23BEB030F610B0B006A4FAA /* NSString+SBJSON.h in Headers */ = {isa = PBXBuildFile; fileRef = F23BEAFC0F610B0B006A4FAA /* NSString+SBJSON.h */; };
		F23BEB040F610B0B006A4FAA /* NSString+SBJSON.m in Sources */ = {isa = PBXBuildFile; fileRef = F23BEAFD0F610B0B006A4FAA /* NSString+SBJSON.m */; };
		F23BEB050F610B0B006A4FAA /* SBJSON.m in Sources */ = {isa = PBXBuildFile; fileRef = F23BEAFE0F610B0B006A4FAA /* SBJSON.m */; };
		F23BEB060F610B0B006A4FAA /* SBJSON.h in Headers */ = {isa = PBXBuildFile; fileRef = F23BEAFF0F610B0B006A4FAA /* SBJSON.h */; };
		F23C32BB0F70D3C700A2EE8E /* YOSUserRequest.h in Headers */ = {isa = PBXBuildFile; fileRef = F23C32B90F70D3C700A2EE8E /* YOSUserRequest.h */; };
		F23C32BC0F70D3C700A2EE8E /* YOSUserRequest.m in Sources */ = {isa = PBXBuildFile; fileRef = F23C32BA0F70D3C700A2EE8E /* YOSUserRequest.m */; };
		F2E1AD4B10618617002D979B /* YOSOpenSocialRequest.h in Headers */ = {isa = PBXBuildFile; fileRef = F2E1AD4910618617002D979B /* YOSOpenSocialRequest.h */; };
		F2E1AD4C10618617002D979B /* YOSOpenSocialRequest.m in Sources */ = {isa = PBXBuildFile; fileRef = F2E1AD4A10618617002D979B /* YOSOpenSocialRequest.m */; };
/* End PBXBuildFile section */

/* Begin PBXFileReference section */
		0867D69BFE84028FC02AAC07 /* Foundation.framework */ = {isa = PBXFileReference; lastKnownFileType = wrapper.framework; name = Foundation.framework; path = /System/Library/Frameworks/Foundation.framework; sourceTree = "<absolute>"; };
		0867D6A5FE840307C02AAC07 /* AppKit.framework */ = {isa = PBXFileReference; lastKnownFileType = wrapper.framework; name = AppKit.framework; path = /System/Library/Frameworks/AppKit.framework; sourceTree = "<absolute>"; };
		089C1667FE841158C02AAC07 /* English */ = {isa = PBXFileReference; fileEncoding = 10; lastKnownFileType = text.plist.strings; name = English; path = English.lproj/InfoPlist.strings; sourceTree = "<group>"; };
		1058C7B1FEA5585E11CA2CBB /* Cocoa.framework */ = {isa = PBXFileReference; lastKnownFileType = wrapper.framework; name = Cocoa.framework; path = /System/Library/Frameworks/Cocoa.framework; sourceTree = "<absolute>"; };
		32DBCF5E0370ADEE00C91783 /* YahooSocialSdk_Prefix.pch */ = {isa = PBXFileReference; fileEncoding = 4; lastKnownFileType = sourcecode.c.h; path = YahooSocialSdk_Prefix.pch; sourceTree = "<group>"; };
		8DC2EF5A0486A6940098B216 /* Info.plist */ = {isa = PBXFileReference; fileEncoding = 4; lastKnownFileType = text.plist.xml; path = Info.plist; sourceTree = "<group>"; };
		8DC2EF5B0486A6940098B216 /* YahooSocialSdk.framework */ = {isa = PBXFileReference; explicitFileType = wrapper.framework; includeInIndex = 0; path = YahooSocialSdk.framework; sourceTree = BUILT_PRODUCTS_DIR; };
		D2F7E79907B2D74100F64583 /* CoreData.framework */ = {isa = PBXFileReference; lastKnownFileType = wrapper.framework; name = CoreData.framework; path = /System/Library/Frameworks/CoreData.framework; sourceTree = "<absolute>"; };
		F2235FCF0F7221EC00BDA003 /* NSData+OAuthResponse.h */ = {isa = PBXFileReference; fileEncoding = 4; lastKnownFileType = sourcecode.c.h; name = "NSData+OAuthResponse.h"; path = "Source/YOAuth/NSData+OAuthResponse.h"; sourceTree = "<group>"; };
		F2235FD00F7221EC00BDA003 /* NSData+OAuthResponse.m */ = {isa = PBXFileReference; fileEncoding = 4; lastKnownFileType = sourcecode.c.objc; name = "NSData+OAuthResponse.m"; path = "Source/YOAuth/NSData+OAuthResponse.m"; sourceTree = "<group>"; };
		F2235FD30F72222200BDA003 /* NSDictionary+QueryString.h */ = {isa = PBXFileReference; fileEncoding = 4; lastKnownFileType = sourcecode.c.h; name = "NSDictionary+QueryString.h"; path = "Source/YOAuth/NSDictionary+QueryString.h"; sourceTree = "<group>"; };
		F2235FD40F72222200BDA003 /* NSDictionary+QueryString.m */ = {isa = PBXFileReference; fileEncoding = 4; lastKnownFileType = sourcecode.c.objc; name = "NSDictionary+QueryString.m"; path = "Source/YOAuth/NSDictionary+QueryString.m"; sourceTree = "<group>"; };
		F23BEA7C0F610A9E006A4FAA /* YOSAccessToken.h */ = {isa = PBXFileReference; fileEncoding = 4; lastKnownFileType = sourcecode.c.h; name = YOSAccessToken.h; path = Source/YOSSocial/YOSAccessToken.h; sourceTree = "<group>"; };
		F23BEA7D0F610A9E006A4FAA /* YOSAccessToken.m */ = {isa = PBXFileReference; fileEncoding = 4; lastKnownFileType = sourcecode.c.objc; name = YOSAccessToken.m; path = Source/YOSSocial/YOSAccessToken.m; sourceTree = "<group>"; };
		F23BEA7E0F610A9E006A4FAA /* YOSAuthRequest.h */ = {isa = PBXFileReference; fileEncoding = 4; lastKnownFileType = sourcecode.c.h; name = YOSAuthRequest.h; path = Source/YOSSocial/YOSAuthRequest.h; sourceTree = "<group>"; };
		F23BEA7F0F610A9E006A4FAA /* YOSAuthRequest.m */ = {isa = PBXFileReference; fileEncoding = 4; lastKnownFileType = sourcecode.c.objc; name = YOSAuthRequest.m; path = Source/YOSSocial/YOSAuthRequest.m; sourceTree = "<group>"; };
		F23BEA800F610A9E006A4FAA /* YOSBaseRequest.h */ = {isa = PBXFileReference; fileEncoding = 4; lastKnownFileType = sourcecode.c.h; name = YOSBaseRequest.h; path = Source/YOSSocial/YOSBaseRequest.h; sourceTree = "<group>"; };
		F23BEA810F610A9E006A4FAA /* YOSBaseRequest.m */ = {isa = PBXFileReference; fileEncoding = 4; lastKnownFileType = sourcecode.c.objc; name = YOSBaseRequest.m; path = Source/YOSSocial/YOSBaseRequest.m; sourceTree = "<group>"; };
		F23BEA880F610A9E006A4FAA /* YQLQueryRequest.h */ = {isa = PBXFileReference; fileEncoding = 4; lastKnownFileType = sourcecode.c.h; name = YQLQueryRequest.h; path = Source/YOSSocial/YQLQueryRequest.h; sourceTree = "<group>"; };
		F23BEA890F610A9E006A4FAA /* YQLQueryRequest.m */ = {isa = PBXFileReference; fileEncoding = 4; lastKnownFileType = sourcecode.c.objc; name = YQLQueryRequest.m; path = Source/YOSSocial/YQLQueryRequest.m; sourceTree = "<group>"; };
		F23BEA8A0F610A9E006A4FAA /* YOSRequestClient.h */ = {isa = PBXFileReference; fileEncoding = 4; lastKnownFileType = sourcecode.c.h; name = YOSRequestClient.h; path = Source/YOSSocial/YOSRequestClient.h; sourceTree = "<group>"; };
		F23BEA8B0F610A9E006A4FAA /* YOSRequestClient.m */ = {isa = PBXFileReference; fileEncoding = 4; lastKnownFileType = sourcecode.c.objc; name = YOSRequestClient.m; path = Source/YOSSocial/YOSRequestClient.m; sourceTree = "<group>"; };
		F23BEA8C0F610A9E006A4FAA /* YOSRequestToken.h */ = {isa = PBXFileReference; fileEncoding = 4; lastKnownFileType = sourcecode.c.h; name = YOSRequestToken.h; path = Source/YOSSocial/YOSRequestToken.h; sourceTree = "<group>"; };
		F23BEA8D0F610A9E006A4FAA /* YOSRequestToken.m */ = {isa = PBXFileReference; fileEncoding = 4; lastKnownFileType = sourcecode.c.objc; name = YOSRequestToken.m; path = Source/YOSSocial/YOSRequestToken.m; sourceTree = "<group>"; };
		F23BEA8E0F610A9E006A4FAA /* YOSResponseData.h */ = {isa = PBXFileReference; fileEncoding = 4; lastKnownFileType = sourcecode.c.h; name = YOSResponseData.h; path = Source/YOSSocial/YOSResponseData.h; sourceTree = "<group>"; };
		F23BEA8F0F610A9E006A4FAA /* YOSResponseData.m */ = {isa = PBXFileReference; fileEncoding = 4; lastKnownFileType = sourcecode.c.objc; name = YOSResponseData.m; path = Source/YOSSocial/YOSResponseData.m; sourceTree = "<group>"; };
		F23BEA900F610A9E006A4FAA /* YOSSession.h */ = {isa = PBXFileReference; fileEncoding = 4; lastKnownFileType = sourcecode.c.h; name = YOSSession.h; path = Source/YOSSocial/YOSSession.h; sourceTree = "<group>"; };
		F23BEA910F610A9E006A4FAA /* YOSSession.m */ = {isa = PBXFileReference; fileEncoding = 4; lastKnownFileType = sourcecode.c.objc; name = YOSSession.m; path = Source/YOSSocial/YOSSession.m; sourceTree = "<group>"; };
		F23BEA920F610A9E006A4FAA /* YOSSocial.h */ = {isa = PBXFileReference; fileEncoding = 4; lastKnownFileType = sourcecode.c.h; name = YOSSocial.h; path = Source/YOSSocial/YOSSocial.h; sourceTree = "<group>"; };
		F23BEA950F610A9E006A4FAA /* YOSTokenStore.h */ = {isa = PBXFileReference; fileEncoding = 4; lastKnownFileType = sourcecode.c.h; name = YOSTokenStore.h; path = Source/YOSSocial/YOSTokenStore.h; sourceTree = "<group>"; };
		F23BEA960F610A9E006A4FAA /* YOSTokenStore.m */ = {isa = PBXFileReference; fileEncoding = 4; lastKnownFileType = sourcecode.c.objc; name = YOSTokenStore.m; path = Source/YOSSocial/YOSTokenStore.m; sourceTree = "<group>"; };
		F23BEA990F610A9E006A4FAA /* YOSUser.h */ = {isa = PBXFileReference; fileEncoding = 4; lastKnownFileType = sourcecode.c.h; name = YOSUser.h; path = Source/YOSSocial/YOSUser.h; sourceTree = "<group>"; };
		F23BEA9A0F610A9E006A4FAA /* YOSUser.m */ = {isa = PBXFileReference; fileEncoding = 4; lastKnownFileType = sourcecode.c.objc; name = YOSUser.m; path = Source/YOSSocial/YOSUser.m; sourceTree = "<group>"; };
		F23BEAC80F610AD0006A4FAA /* Base64Transcoder.c */ = {isa = PBXFileReference; fileEncoding = 4; lastKnownFileType = sourcecode.c.c; name = Base64Transcoder.c; path = Source/YOAuth/Crypto/Base64Transcoder.c; sourceTree = "<group>"; };
		F23BEAC90F610AD0006A4FAA /* Base64Transcoder.h */ = {isa = PBXFileReference; fileEncoding = 4; lastKnownFileType = sourcecode.c.h; name = Base64Transcoder.h; path = Source/YOAuth/Crypto/Base64Transcoder.h; sourceTree = "<group>"; };
		F23BEAD50F610ADB006A4FAA /* YOAuth.h */ = {isa = PBXFileReference; fileEncoding = 4; lastKnownFileType = sourcecode.c.h; name = YOAuth.h; path = Source/YOAuth/YOAuth.h; sourceTree = "<group>"; };
		F23BEAD60F610ADB006A4FAA /* YOAuthConsumer.h */ = {isa = PBXFileReference; fileEncoding = 4; lastKnownFileType = sourcecode.c.h; name = YOAuthConsumer.h; path = Source/YOAuth/YOAuthConsumer.h; sourceTree = "<group>"; };
		F23BEAD70F610ADB006A4FAA /* YOAuthConsumer.m */ = {isa = PBXFileReference; fileEncoding = 4; lastKnownFileType = sourcecode.c.objc; name = YOAuthConsumer.m; path = Source/YOAuth/YOAuthConsumer.m; sourceTree = "<group>"; };
		F23BEAD80F610ADB006A4FAA /* YOAuthRequest.h */ = {isa = PBXFileReference; fileEncoding = 4; lastKnownFileType = sourcecode.c.h; name = YOAuthRequest.h; path = Source/YOAuth/YOAuthRequest.h; sourceTree = "<group>"; };
		F23BEAD90F610ADB006A4FAA /* YOAuthRequest.m */ = {isa = PBXFileReference; fileEncoding = 4; lastKnownFileType = sourcecode.c.objc; name = YOAuthRequest.m; path = Source/YOAuth/YOAuthRequest.m; sourceTree = "<group>"; };
		F23BEADA0F610ADB006A4FAA /* YOAuthSignatureMethod_HMAC-SHA1.h */ = {isa = PBXFileReference; fileEncoding = 4; lastKnownFileType = sourcecode.c.h; name = "YOAuthSignatureMethod_HMAC-SHA1.h"; path = "Source/YOAuth/YOAuthSignatureMethod_HMAC-SHA1.h"; sourceTree = "<group>"; };
		F23BEADB0F610ADB006A4FAA /* YOAuthSignatureMethod_HMAC-SHA1.m */ = {isa = PBXFileReference; fileEncoding = 4; lastKnownFileType = sourcecode.c.objc; name = "YOAuthSignatureMethod_HMAC-SHA1.m"; path = "Source/YOAuth/YOAuthSignatureMethod_HMAC-SHA1.m"; sourceTree = "<group>"; };
		F23BEADC0F610ADB006A4FAA /* YOAuthSignatureMethod_PLAINTEXT.h */ = {isa = PBXFileReference; fileEncoding = 4; lastKnownFileType = sourcecode.c.h; name = YOAuthSignatureMethod_PLAINTEXT.h; path = Source/YOAuth/YOAuthSignatureMethod_PLAINTEXT.h; sourceTree = "<group>"; };
		F23BEADD0F610ADB006A4FAA /* YOAuthSignatureMethod_PLAINTEXT.m */ = {isa = PBXFileReference; fileEncoding = 4; lastKnownFileType = sourcecode.c.objc; name = YOAuthSignatureMethod_PLAINTEXT.m; path = Source/YOAuth/YOAuthSignatureMethod_PLAINTEXT.m; sourceTree = "<group>"; };
		F23BEADE0F610ADB006A4FAA /* YOAuthSignatureMethod.h */ = {isa = PBXFileReference; fileEncoding = 4; lastKnownFileType = sourcecode.c.h; name = YOAuthSignatureMethod.h; path = Source/YOAuth/YOAuthSignatureMethod.h; sourceTree = "<group>"; };
		F23BEADF0F610ADB006A4FAA /* YOAuthToken.h */ = {isa = PBXFileReference; fileEncoding = 4; lastKnownFileType = sourcecode.c.h; name = YOAuthToken.h; path = Source/YOAuth/YOAuthToken.h; sourceTree = "<group>"; };
		F23BEAE00F610ADB006A4FAA /* YOAuthToken.m */ = {isa = PBXFileReference; fileEncoding = 4; lastKnownFileType = sourcecode.c.objc; name = YOAuthToken.m; path = Source/YOAuth/YOAuthToken.m; sourceTree = "<group>"; };
		F23BEAE10F610ADB006A4FAA /* YOAuthUtil.h */ = {isa = PBXFileReference; fileEncoding = 4; lastKnownFileType = sourcecode.c.h; name = YOAuthUtil.h; path = Source/YOAuth/YOAuthUtil.h; sourceTree = "<group>"; };
		F23BEAE20F610ADB006A4FAA /* YOAuthUtil.m */ = {isa = PBXFileReference; fileEncoding = 4; lastKnownFileType = sourcecode.c.objc; name = YOAuthUtil.m; path = Source/YOAuth/YOAuthUtil.m; sourceTree = "<group>"; };
		F23BEAF30F610AF3006A4FAA /* NSString+URLEncoding.m */ = {isa = PBXFileReference; fileEncoding = 4; lastKnownFileType = sourcecode.c.objc; name = "NSString+URLEncoding.m"; path = "Source/YOAuth/NSString+URLEncoding.m"; sourceTree = "<group>"; };
		F23BEAF40F610AF3006A4FAA /* NSString+URLEncoding.h */ = {isa = PBXFileReference; fileEncoding = 4; lastKnownFileType = sourcecode.c.h; name = "NSString+URLEncoding.h"; path = "Source/YOAuth/NSString+URLEncoding.h"; sourceTree = "<group>"; };
		F23BEAF90F610B0B006A4FAA /* JSON.h */ = {isa = PBXFileReference; fileEncoding = 4; lastKnownFileType = sourcecode.c.h; name = JSON.h; path = "Source/json-framework/JSON.h"; sourceTree = "<group>"; };
		F23BEAFA0F610B0B006A4FAA /* NSObject+SBJSON.h */ = {isa = PBXFileReference; fileEncoding = 4; lastKnownFileType = sourcecode.c.h; name = "NSObject+SBJSON.h"; path = "Source/json-framework/NSObject+SBJSON.h"; sourceTree = "<group>"; };
		F23BEAFB0F610B0B006A4FAA /* NSObject+SBJSON.m */ = {isa = PBXFileReference; fileEncoding = 4; lastKnownFileType = sourcecode.c.objc; name = "NSObject+SBJSON.m"; path = "Source/json-framework/NSObject+SBJSON.m"; sourceTree = "<group>"; };
		F23BEAFC0F610B0B006A4FAA /* NSString+SBJSON.h */ = {isa = PBXFileReference; fileEncoding = 4; lastKnownFileType = sourcecode.c.h; name = "NSString+SBJSON.h"; path = "Source/json-framework/NSString+SBJSON.h"; sourceTree = "<group>"; };
		F23BEAFD0F610B0B006A4FAA /* NSString+SBJSON.m */ = {isa = PBXFileReference; fileEncoding = 4; lastKnownFileType = sourcecode.c.objc; name = "NSString+SBJSON.m"; path = "Source/json-framework/NSString+SBJSON.m"; sourceTree = "<group>"; };
		F23BEAFE0F610B0B006A4FAA /* SBJSON.m */ = {isa = PBXFileReference; fileEncoding = 4; lastKnownFileType = sourcecode.c.objc; name = SBJSON.m; path = "Source/json-framework/SBJSON.m"; sourceTree = "<group>"; };
		F23BEAFF0F610B0B006A4FAA /* SBJSON.h */ = {isa = PBXFileReference; fileEncoding = 4; lastKnownFileType = sourcecode.c.h; name = SBJSON.h; path = "Source/json-framework/SBJSON.h"; sourceTree = "<group>"; };
		F23C32B90F70D3C700A2EE8E /* YOSUserRequest.h */ = {isa = PBXFileReference; fileEncoding = 4; lastKnownFileType = sourcecode.c.h; name = YOSUserRequest.h; path = Source/YOSSocial/YOSUserRequest.h; sourceTree = "<group>"; };
		F23C32BA0F70D3C700A2EE8E /* YOSUserRequest.m */ = {isa = PBXFileReference; fileEncoding = 4; lastKnownFileType = sourcecode.c.objc; name = YOSUserRequest.m; path = Source/YOSSocial/YOSUserRequest.m; sourceTree = "<group>"; };
		F2E1AD4910618617002D979B /* YOSOpenSocialRequest.h */ = {isa = PBXFileReference; fileEncoding = 4; lastKnownFileType = sourcecode.c.h; name = YOSOpenSocialRequest.h; path = Source/YOSSocial/YOSOpenSocialRequest.h; sourceTree = "<group>"; };
		F2E1AD4A10618617002D979B /* YOSOpenSocialRequest.m */ = {isa = PBXFileReference; fileEncoding = 4; lastKnownFileType = sourcecode.c.objc; name = YOSOpenSocialRequest.m; path = Source/YOSSocial/YOSOpenSocialRequest.m; sourceTree = "<group>"; };
/* End PBXFileReference section */

/* Begin PBXFrameworksBuildPhase section */
		8DC2EF560486A6940098B216 /* Frameworks */ = {
			isa = PBXFrameworksBuildPhase;
			buildActionMask = 2147483647;
			files = (
				8DC2EF570486A6940098B216 /* Cocoa.framework in Frameworks */,
			);
			runOnlyForDeploymentPostprocessing = 0;
		};
/* End PBXFrameworksBuildPhase section */

/* Begin PBXGroup section */
		034768DFFF38A50411DB9C8B /* Products */ = {
			isa = PBXGroup;
			children = (
				8DC2EF5B0486A6940098B216 /* YahooSocialSdk.framework */,
			);
			name = Products;
			sourceTree = "<group>";
		};
		0867D691FE84028FC02AAC07 /* YahooSocialSdk */ = {
			isa = PBXGroup;
			children = (
				F23BEA770F610A90006A4FAA /* YOSSocial */,
				F23BEA760F610A8C006A4FAA /* YOAuth */,
				F23BEA750F610A85006A4FAA /* json-framework */,
				08FB77AEFE84172EC02AAC07 /* Classes */,
				32C88DFF0371C24200C91783 /* Other Sources */,
				089C1665FE841158C02AAC07 /* Resources */,
				0867D69AFE84028FC02AAC07 /* External Frameworks and Libraries */,
				034768DFFF38A50411DB9C8B /* Products */,
			);
			name = YahooSocialSdk;
			sourceTree = "<group>";
		};
		0867D69AFE84028FC02AAC07 /* External Frameworks and Libraries */ = {
			isa = PBXGroup;
			children = (
				1058C7B0FEA5585E11CA2CBB /* Linked Frameworks */,
				1058C7B2FEA5585E11CA2CBB /* Other Frameworks */,
			);
			name = "External Frameworks and Libraries";
			sourceTree = "<group>";
		};
		089C1665FE841158C02AAC07 /* Resources */ = {
			isa = PBXGroup;
			children = (
				8DC2EF5A0486A6940098B216 /* Info.plist */,
				089C1666FE841158C02AAC07 /* InfoPlist.strings */,
			);
			name = Resources;
			sourceTree = "<group>";
		};
		08FB77AEFE84172EC02AAC07 /* Classes */ = {
			isa = PBXGroup;
			children = (
			);
			name = Classes;
			sourceTree = "<group>";
		};
		1058C7B0FEA5585E11CA2CBB /* Linked Frameworks */ = {
			isa = PBXGroup;
			children = (
				1058C7B1FEA5585E11CA2CBB /* Cocoa.framework */,
			);
			name = "Linked Frameworks";
			sourceTree = "<group>";
		};
		1058C7B2FEA5585E11CA2CBB /* Other Frameworks */ = {
			isa = PBXGroup;
			children = (
				0867D6A5FE840307C02AAC07 /* AppKit.framework */,
				D2F7E79907B2D74100F64583 /* CoreData.framework */,
				0867D69BFE84028FC02AAC07 /* Foundation.framework */,
			);
			name = "Other Frameworks";
			sourceTree = "<group>";
		};
		32C88DFF0371C24200C91783 /* Other Sources */ = {
			isa = PBXGroup;
			children = (
				32DBCF5E0370ADEE00C91783 /* YahooSocialSdk_Prefix.pch */,
			);
			name = "Other Sources";
			sourceTree = "<group>";
		};
		F23BEA750F610A85006A4FAA /* json-framework */ = {
			isa = PBXGroup;
			children = (
				F23BEAF70F610B01006A4FAA /* Source */,
			);
			name = "json-framework";
			sourceTree = "<group>";
		};
		F23BEA760F610A8C006A4FAA /* YOAuth */ = {
			isa = PBXGroup;
			children = (
				F23BEAC60F610AC5006A4FAA /* Crypto */,
				F23BEAF10F610AE4006A4FAA /* Cocoa Categories */,
				F23BEAC10F610AB9006A4FAA /* Source */,
			);
			name = YOAuth;
			sourceTree = "<group>";
		};
		F23BEA770F610A90006A4FAA /* YOSSocial */ = {
			isa = PBXGroup;
			children = (
				F23BEABE0F610AA1006A4FAA /* Source */,
			);
			name = YOSSocial;
			sourceTree = "<group>";
		};
		F23BEABE0F610AA1006A4FAA /* Source */ = {
			isa = PBXGroup;
			children = (
				F23BEA920F610A9E006A4FAA /* YOSSocial.h */,
				F23BEA900F610A9E006A4FAA /* YOSSession.h */,
				F23BEA910F610A9E006A4FAA /* YOSSession.m */,
				F23BEA990F610A9E006A4FAA /* YOSUser.h */,
				F23BEA9A0F610A9E006A4FAA /* YOSUser.m */,
				F23BEA8A0F610A9E006A4FAA /* YOSRequestClient.h */,
				F23BEA8B0F610A9E006A4FAA /* YOSRequestClient.m */,
				F23BEA8E0F610A9E006A4FAA /* YOSResponseData.h */,
				F23BEA8F0F610A9E006A4FAA /* YOSResponseData.m */,
				F23BEA7C0F610A9E006A4FAA /* YOSAccessToken.h */,
				F23BEA7D0F610A9E006A4FAA /* YOSAccessToken.m */,
				F23BEA8C0F610A9E006A4FAA /* YOSRequestToken.h */,
				F23BEA8D0F610A9E006A4FAA /* YOSRequestToken.m */,
				F23BEA950F610A9E006A4FAA /* YOSTokenStore.h */,
				F23BEA960F610A9E006A4FAA /* YOSTokenStore.m */,
				F23BEA800F610A9E006A4FAA /* YOSBaseRequest.h */,
				F23BEA810F610A9E006A4FAA /* YOSBaseRequest.m */,
				F23BEA7E0F610A9E006A4FAA /* YOSAuthRequest.h */,
				F23BEA7F0F610A9E006A4FAA /* YOSAuthRequest.m */,
				F23C32B90F70D3C700A2EE8E /* YOSUserRequest.h */,
				F23C32BA0F70D3C700A2EE8E /* YOSUserRequest.m */,
				F2E1AD4910618617002D979B /* YOSOpenSocialRequest.h */,
				F2E1AD4A10618617002D979B /* YOSOpenSocialRequest.m */,
				F23BEA880F610A9E006A4FAA /* YQLQueryRequest.h */,
				F23BEA890F610A9E006A4FAA /* YQLQueryRequest.m */,
			);
			name = Source;
			sourceTree = "<group>";
		};
		F23BEAC10F610AB9006A4FAA /* Source */ = {
			isa = PBXGroup;
			children = (
				F23BEAD50F610ADB006A4FAA /* YOAuth.h */,
				F23BEAD60F610ADB006A4FAA /* YOAuthConsumer.h */,
				F23BEAD70F610ADB006A4FAA /* YOAuthConsumer.m */,
				F23BEAD80F610ADB006A4FAA /* YOAuthRequest.h */,
				F23BEAD90F610ADB006A4FAA /* YOAuthRequest.m */,
				F23BEADA0F610ADB006A4FAA /* YOAuthSignatureMethod_HMAC-SHA1.h */,
				F23BEADB0F610ADB006A4FAA /* YOAuthSignatureMethod_HMAC-SHA1.m */,
				F23BEADC0F610ADB006A4FAA /* YOAuthSignatureMethod_PLAINTEXT.h */,
				F23BEADD0F610ADB006A4FAA /* YOAuthSignatureMethod_PLAINTEXT.m */,
				F23BEADE0F610ADB006A4FAA /* YOAuthSignatureMethod.h */,
				F23BEADF0F610ADB006A4FAA /* YOAuthToken.h */,
				F23BEAE00F610ADB006A4FAA /* YOAuthToken.m */,
				F23BEAE10F610ADB006A4FAA /* YOAuthUtil.h */,
				F23BEAE20F610ADB006A4FAA /* YOAuthUtil.m */,
			);
			name = Source;
			sourceTree = "<group>";
		};
		F23BEAC60F610AC5006A4FAA /* Crypto */ = {
			isa = PBXGroup;
			children = (
				F23BEAC80F610AD0006A4FAA /* Base64Transcoder.c */,
				F23BEAC90F610AD0006A4FAA /* Base64Transcoder.h */,
			);
			name = Crypto;
			sourceTree = "<group>";
		};
		F23BEAF10F610AE4006A4FAA /* Cocoa Categories */ = {
			isa = PBXGroup;
			children = (
				F2235FD30F72222200BDA003 /* NSDictionary+QueryString.h */,
				F2235FD40F72222200BDA003 /* NSDictionary+QueryString.m */,
				F23BEAF40F610AF3006A4FAA /* NSString+URLEncoding.h */,
				F23BEAF30F610AF3006A4FAA /* NSString+URLEncoding.m */,
				F2235FCF0F7221EC00BDA003 /* NSData+OAuthResponse.h */,
				F2235FD00F7221EC00BDA003 /* NSData+OAuthResponse.m */,
			);
			name = "Cocoa Categories";
			sourceTree = "<group>";
		};
		F23BEAF70F610B01006A4FAA /* Source */ = {
			isa = PBXGroup;
			children = (
				F23BEAF90F610B0B006A4FAA /* JSON.h */,
				F23BEAFA0F610B0B006A4FAA /* NSObject+SBJSON.h */,
				F23BEAFB0F610B0B006A4FAA /* NSObject+SBJSON.m */,
				F23BEAFC0F610B0B006A4FAA /* NSString+SBJSON.h */,
				F23BEAFD0F610B0B006A4FAA /* NSString+SBJSON.m */,
				F23BEAFE0F610B0B006A4FAA /* SBJSON.m */,
				F23BEAFF0F610B0B006A4FAA /* SBJSON.h */,
			);
			name = Source;
			sourceTree = "<group>";
		};
/* End PBXGroup section */

/* Begin PBXHeadersBuildPhase section */
		8DC2EF500486A6940098B216 /* Headers */ = {
			isa = PBXHeadersBuildPhase;
			buildActionMask = 2147483647;
			files = (
				F23BEA9F0F610A9E006A4FAA /* YOSAccessToken.h in Headers */,
				F23BEAA10F610A9E006A4FAA /* YOSAuthRequest.h in Headers */,
				F23BEAA30F610A9E006A4FAA /* YOSBaseRequest.h in Headers */,
				F23BEAAB0F610A9E006A4FAA /* YQLQueryRequest.h in Headers */,
				F23BEAAD0F610A9E006A4FAA /* YOSRequestClient.h in Headers */,
				F23BEAAF0F610A9E006A4FAA /* YOSRequestToken.h in Headers */,
				F23BEAB10F610A9E006A4FAA /* YOSResponseData.h in Headers */,
				F23BEAB30F610A9E006A4FAA /* YOSSession.h in Headers */,
				F23BEAB50F610A9E006A4FAA /* YOSSocial.h in Headers */,
				F23BEAB80F610A9E006A4FAA /* YOSTokenStore.h in Headers */,
				F23BEABC0F610A9E006A4FAA /* YOSUser.h in Headers */,
				F23BEACF0F610AD0006A4FAA /* Base64Transcoder.h in Headers */,
				F23BEAE30F610ADB006A4FAA /* YOAuth.h in Headers */,
				F23BEAE40F610ADB006A4FAA /* YOAuthConsumer.h in Headers */,
				F23BEAE60F610ADB006A4FAA /* YOAuthRequest.h in Headers */,
				F23BEAE80F610ADB006A4FAA /* YOAuthSignatureMethod_HMAC-SHA1.h in Headers */,
				F23BEAEA0F610ADB006A4FAA /* YOAuthSignatureMethod_PLAINTEXT.h in Headers */,
				F23BEAEC0F610ADB006A4FAA /* YOAuthSignatureMethod.h in Headers */,
				F23BEAED0F610ADB006A4FAA /* YOAuthToken.h in Headers */,
				F23BEAEF0F610ADB006A4FAA /* YOAuthUtil.h in Headers */,
				F23BEAF60F610AF3006A4FAA /* NSString+URLEncoding.h in Headers */,
				F23BEB000F610B0B006A4FAA /* JSON.h in Headers */,
				F23BEB010F610B0B006A4FAA /* NSObject+SBJSON.h in Headers */,
				F23BEB030F610B0B006A4FAA /* NSString+SBJSON.h in Headers */,
				F23BEB060F610B0B006A4FAA /* SBJSON.h in Headers */,
				F23C32BB0F70D3C700A2EE8E /* YOSUserRequest.h in Headers */,
				F2235FD10F7221EC00BDA003 /* NSData+OAuthResponse.h in Headers */,
				F2235FD50F72222200BDA003 /* NSDictionary+QueryString.h in Headers */,
				F2E1AD4B10618617002D979B /* YOSOpenSocialRequest.h in Headers */,
			);
			runOnlyForDeploymentPostprocessing = 0;
		};
/* End PBXHeadersBuildPhase section */

/* Begin PBXNativeTarget section */
		8DC2EF4F0486A6940098B216 /* YahooSocialSdk */ = {
			isa = PBXNativeTarget;
			buildConfigurationList = 1DEB91AD08733DA50010E9CD /* Build configuration list for PBXNativeTarget "YahooSocialSdk" */;
			buildPhases = (
				8DC2EF500486A6940098B216 /* Headers */,
				8DC2EF520486A6940098B216 /* Resources */,
				8DC2EF540486A6940098B216 /* Sources */,
				8DC2EF560486A6940098B216 /* Frameworks */,
				F23BEA640F610A1C006A4FAA /* ShellScript */,
			);
			buildRules = (
			);
			dependencies = (
			);
			name = YahooSocialSdk;
			productInstallPath = "$(HOME)/Library/Frameworks";
			productName = YahooSocialSdk;
			productReference = 8DC2EF5B0486A6940098B216 /* YahooSocialSdk.framework */;
			productType = "com.apple.product-type.framework";
		};
/* End PBXNativeTarget section */

/* Begin PBXProject section */
		0867D690FE84028FC02AAC07 /* Project object */ = {
			isa = PBXProject;
			buildConfigurationList = 1DEB91B108733DA50010E9CD /* Build configuration list for PBXProject "YahooSocialSdk" */;
			compatibilityVersion = "Xcode 3.1";
			hasScannedForEncodings = 1;
			mainGroup = 0867D691FE84028FC02AAC07 /* YahooSocialSdk */;
			productRefGroup = 034768DFFF38A50411DB9C8B /* Products */;
			projectDirPath = "";
			projectRoot = "";
			targets = (
				8DC2EF4F0486A6940098B216 /* YahooSocialSdk */,
			);
		};
/* End PBXProject section */

/* Begin PBXResourcesBuildPhase section */
		8DC2EF520486A6940098B216 /* Resources */ = {
			isa = PBXResourcesBuildPhase;
			buildActionMask = 2147483647;
			files = (
				8DC2EF530486A6940098B216 /* InfoPlist.strings in Resources */,
			);
			runOnlyForDeploymentPostprocessing = 0;
		};
/* End PBXResourcesBuildPhase section */

/* Begin PBXShellScriptBuildPhase section */
		F23BEA640F610A1C006A4FAA /* ShellScript */ = {
			isa = PBXShellScriptBuildPhase;
			buildActionMask = 2147483647;
			files = (
			);
			inputPaths = (
			);
			outputPaths = (
			);
			runOnlyForDeploymentPostprocessing = 0;
			shellPath = /bin/sh;
			shellScript = "if [ -e /applications/Doxygen.app ]; then /Applications/Doxygen.app/Contents/Resources/doxygen yosdk_objc.doxygen; fi";
		};
/* End PBXShellScriptBuildPhase section */

/* Begin PBXSourcesBuildPhase section */
		8DC2EF540486A6940098B216 /* Sources */ = {
			isa = PBXSourcesBuildPhase;
			buildActionMask = 2147483647;
			files = (
				F23BEAA00F610A9E006A4FAA /* YOSAccessToken.m in Sources */,
				F23BEAA20F610A9E006A4FAA /* YOSAuthRequest.m in Sources */,
				F23BEAA40F610A9E006A4FAA /* YOSBaseRequest.m in Sources */,
				F23BEAAC0F610A9E006A4FAA /* YQLQueryRequest.m in Sources */,
				F23BEAAE0F610A9E006A4FAA /* YOSRequestClient.m in Sources */,
				F23BEAB00F610A9E006A4FAA /* YOSRequestToken.m in Sources */,
				F23BEAB20F610A9E006A4FAA /* YOSResponseData.m in Sources */,
				F23BEAB40F610A9E006A4FAA /* YOSSession.m in Sources */,
				F23BEAB90F610A9E006A4FAA /* YOSTokenStore.m in Sources */,
				F23BEABD0F610A9E006A4FAA /* YOSUser.m in Sources */,
				F23BEACE0F610AD0006A4FAA /* Base64Transcoder.c in Sources */,
				F23BEAE50F610ADB006A4FAA /* YOAuthConsumer.m in Sources */,
				F23BEAE70F610ADB006A4FAA /* YOAuthRequest.m in Sources */,
				F23BEAE90F610ADB006A4FAA /* YOAuthSignatureMethod_HMAC-SHA1.m in Sources */,
				F23BEAEB0F610ADB006A4FAA /* YOAuthSignatureMethod_PLAINTEXT.m in Sources */,
				F23BEAEE0F610ADB006A4FAA /* YOAuthToken.m in Sources */,
				F23BEAF00F610ADB006A4FAA /* YOAuthUtil.m in Sources */,
				F23BEAF50F610AF3006A4FAA /* NSString+URLEncoding.m in Sources */,
				F23BEB020F610B0B006A4FAA /* NSObject+SBJSON.m in Sources */,
				F23BEB040F610B0B006A4FAA /* NSString+SBJSON.m in Sources */,
				F23BEB050F610B0B006A4FAA /* SBJSON.m in Sources */,
				F23C32BC0F70D3C700A2EE8E /* YOSUserRequest.m in Sources */,
				F2235FD20F7221EC00BDA003 /* NSData+OAuthResponse.m in Sources */,
				F2235FD60F72222200BDA003 /* NSDictionary+QueryString.m in Sources */,
				F2E1AD4C10618617002D979B /* YOSOpenSocialRequest.m in Sources */,
			);
			runOnlyForDeploymentPostprocessing = 0;
		};
/* End PBXSourcesBuildPhase section */

/* Begin PBXVariantGroup section */
		089C1666FE841158C02AAC07 /* InfoPlist.strings */ = {
			isa = PBXVariantGroup;
			children = (
				089C1667FE841158C02AAC07 /* English */,
			);
			name = InfoPlist.strings;
			sourceTree = "<group>";
		};
/* End PBXVariantGroup section */

/* Begin XCBuildConfiguration section */
		1DEB91AE08733DA50010E9CD /* Debug */ = {
			isa = XCBuildConfiguration;
			buildSettings = {
				ALWAYS_SEARCH_USER_PATHS = NO;
				COPY_PHASE_STRIP = NO;
				DYLIB_COMPATIBILITY_VERSION = 1;
				DYLIB_CURRENT_VERSION = 1;
				FRAMEWORK_VERSION = A;
				GCC_DYNAMIC_NO_PIC = NO;
				GCC_ENABLE_FIX_AND_CONTINUE = YES;
				GCC_MODEL_TUNING = G5;
				GCC_OPTIMIZATION_LEVEL = 0;
				GCC_PRECOMPILE_PREFIX_HEADER = YES;
				GCC_PREFIX_HEADER = YahooSocialSdk_Prefix.pch;
				INFOPLIST_FILE = Info.plist;
				INSTALL_PATH = "$(HOME)/Library/Frameworks";
				PRODUCT_NAME = YahooSocialSdk;
				WRAPPER_EXTENSION = framework;
			};
			name = Debug;
		};
		1DEB91AF08733DA50010E9CD /* Release */ = {
			isa = XCBuildConfiguration;
			buildSettings = {
				ALWAYS_SEARCH_USER_PATHS = NO;
				DEBUG_INFORMATION_FORMAT = "dwarf-with-dsym";
				DYLIB_COMPATIBILITY_VERSION = 1;
				DYLIB_CURRENT_VERSION = 1;
				FRAMEWORK_VERSION = A;
				GCC_MODEL_TUNING = G5;
				GCC_PRECOMPILE_PREFIX_HEADER = YES;
				GCC_PREFIX_HEADER = YahooSocialSdk_Prefix.pch;
				INFOPLIST_FILE = Info.plist;
				INSTALL_PATH = "$(HOME)/Library/Frameworks";
				PRODUCT_NAME = YahooSocialSdk;
				WRAPPER_EXTENSION = framework;
			};
			name = Release;
		};
		1DEB91B208733DA50010E9CD /* Debug */ = {
			isa = XCBuildConfiguration;
			buildSettings = {
				ARCHS = "$(ARCHS_STANDARD_32_BIT)";
				GCC_C_LANGUAGE_STANDARD = c99;
				GCC_OPTIMIZATION_LEVEL = 0;
				GCC_WARN_ABOUT_RETURN_TYPE = YES;
				GCC_WARN_UNUSED_VARIABLE = YES;
				ONLY_ACTIVE_ARCH = YES;
				PREBINDING = NO;
				SDKROOT = macosx10.5;
			};
			name = Debug;
		};
		1DEB91B308733DA50010E9CD /* Release */ = {
			isa = XCBuildConfiguration;
			buildSettings = {
				ARCHS = "$(ARCHS_STANDARD_32_BIT)";
				GCC_C_LANGUAGE_STANDARD = c99;
				GCC_WARN_ABOUT_RETURN_TYPE = YES;
				GCC_WARN_UNUSED_VARIABLE = YES;
				PREBINDING = NO;
				SDKROOT = macosx10.5;
			};
			name = Release;
		};
/* End XCBuildConfiguration section */

/* Begin XCConfigurationList section */
		1DEB91AD08733DA50010E9CD /* Build configuration list for PBXNativeTarget "YahooSocialSdk" */ = {
			isa = XCConfigurationList;
			buildConfigurations = (
				1DEB91AE08733DA50010E9CD /* Debug */,
				1DEB91AF08733DA50010E9CD /* Release */,
			);
			defaultConfigurationIsVisible = 0;
			defaultConfigurationName = Release;
		};
		1DEB91B108733DA50010E9CD /* Build configuration list for PBXProject "YahooSocialSdk" */ = {
			isa = XCConfigurationList;
			buildConfigurations = (
				1DEB91B208733DA50010E9CD /* Debug */,
				1DEB91B308733DA50010E9CD /* Release */,
			);
			defaultConfigurationIsVisible = 0;
			defaultConfigurationName = Release;
		};
/* End XCConfigurationList section */
	};
	rootObject = 0867D690FE84028FC02AAC07 /* Project object */;
}
